<?xml version="1.0" encoding="utf-8"?>
<Project ToolsVersion="4.0" xmlns="http://schemas.microsoft.com/developer/msbuild/2003">
  <ItemGroup>
    <Filter Include="Source Files">
      <UniqueIdentifier>{4FC737F1-C7A5-4376-A066-2A32D752A2FF}</UniqueIdentifier>
      <Extensions>cpp;c;cc;cxx;c++;cppm;ixx;def;odl;idl;hpj;bat;asm;asmx</Extensions>
    </Filter>
    <Filter Include="Header Files">
      <UniqueIdentifier>{93995380-89BD-4b04-88EB-625FBE52EBFB}</UniqueIdentifier>
      <Extensions>h;hh;hpp;hxx;h++;hm;inl;inc;ipp;xsd</Extensions>
    </Filter>
    <Filter Include="Resource Files">
      <UniqueIdentifier>{67DA6AB6-F800-4c08-8B7A-83BB121AAD01}</UniqueIdentifier>
      <Extensions>rc;ico;cur;bmp;dlg;rc2;rct;bin;rgs;gif;jpg;jpeg;jpe;resx;tiff;tif;png;wav;mfcribbon-ms</Extensions>
    </Filter>
    <Filter Include="Source Files\_">
      <UniqueIdentifier>{bd1f5db1-703d-4e1f-934f-2dbd90a43d3b}</UniqueIdentifier>
    </Filter>
    <Filter Include="Source Files\pointer_all">
      <UniqueIdentifier>{c4ad224d-dbaa-409d-b8be-4b3910689d07}</UniqueIdentifier>
    </Filter>
    <Filter Include="Source Files\docs">
      <UniqueIdentifier>{d511ef23-f6cf-4770-bb1e-7e5d3d90502e}</UniqueIdentifier>
    </Filter>
    <Filter Include="Source Files\docs\_">
      <UniqueIdentifier>{df3240de-2987-4a98-abd0-57575ec2fb3a}</UniqueIdentifier>
    </Filter>
  </ItemGroup>
  <ItemGroup>
    <ClCompile Include="PointVariable.c">
      <Filter>Source Files</Filter>
    </ClCompile>
    <ClCompile Include="IntegerPointer.c">
      <Filter>Source Files</Filter>
    </ClCompile>
    <ClCompile Include="NumberPointer.c">
      <Filter>Source Files</Filter>
    </ClCompile>
    <ClCompile Include="PointerArray.c">
      <Filter>Source Files</Filter>
    </ClCompile>
    <ClCompile Include="PointerArraySum.c">
      <Filter>Source Files</Filter>
    </ClCompile>
    <ClCompile Include="PointerArrayMulti.c">
      <Filter>Source Files</Filter>
    </ClCompile>
    <ClCompile Include="StringPointer.c">
      <Filter>Source Files</Filter>
    </ClCompile>
    <ClCompile Include="StringArray.c">
      <Filter>Source Files</Filter>
    </ClCompile>
    <ClCompile Include="PointerVariable.c">
      <Filter>Source Files</Filter>
    </ClCompile>
    <ClCompile Include="01.포인터시작.c">
      <Filter>Source Files\_</Filter>
    </ClCompile>
    <ClCompile Include="02.포인터연산.c">
      <Filter>Source Files\_</Filter>
    </ClCompile>
    <ClCompile Include="03.정수형포인터.c">
      <Filter>Source Files\_</Filter>
    </ClCompile>
    <ClCompile Include="포인터_문자열입출력.c">
      <Filter>Source Files\_</Filter>
    </ClCompile>
    <ClCompile Include="00.포인터설명.c">
      <Filter>Source Files\_</Filter>
    </ClCompile>
    <ClCompile Include="05.포인터배열.c">
      <Filter>Source Files\_</Filter>
    </ClCompile>
    <ClCompile Include="01.포인터변수.c">
      <Filter>Source Files\_</Filter>
    </ClCompile>
    <ClCompile Include="02.정수형포인터.c">
      <Filter>Source Files\_</Filter>
    </ClCompile>
    <ClCompile Include="03.포인터변수의주소.c">
      <Filter>Source Files\_</Filter>
    </ClCompile>
    <ClCompile Include="값형변수와참조형변수차이.c">
      <Filter>Source Files\_</Filter>
    </ClCompile>
    <ClCompile Include="포인터설명.c">
      <Filter>Source Files\_</Filter>
    </ClCompile>
    <ClCompile Include="포인터설명_참조형.c">
      <Filter>Source Files\pointer_all</Filter>
    </ClCompile>
    <ClCompile Include="포인터배열설명.c">
      <Filter>Source Files\pointer_all</Filter>
    </ClCompile>
    <ClCompile Include="포인터_문자열처리설명.c">
      <Filter>Source Files\pointer_all</Filter>
    </ClCompile>
    <ClCompile Include="포인터_포인터배열설명.c">
      <Filter>Source Files\pointer_all</Filter>
    </ClCompile>
    <ClCompile Include="포인터배열_배수의합.c">
      <Filter>Source Files\docs</Filter>
    </ClCompile>
    <ClCompile Include="포인터배열_이차원배열참조.c">
      <Filter>Source Files\docs</Filter>
    </ClCompile>
    <ClCompile Include="variable_address.c">
      <Filter>Source Files\docs</Filter>
    </ClCompile>
    <ClCompile Include="VariableAddress.c">
      <Filter>Source Files\docs\_</Filter>
    </ClCompile>
    <ClCompile Include="포인터_변수의주소출력.c">
      <Filter>Source Files\docs\_</Filter>
    </ClCompile>
    <ClCompile Include="variable_address_format.c">
      <Filter>Source Files\docs</Filter>
    </ClCompile>
    <ClCompile Include="포인터배열_문자열.c">
      <Filter>Source Files\docs\_</Filter>
    </ClCompile>
    <ClCompile Include="포인터배열_문자열출력.c">
      <Filter>Source Files\docs\_</Filter>
    </ClCompile>
    <ClCompile Include="포인터배열_배열의배열.c">
      <Filter>Source Files\docs\_</Filter>
    </ClCompile>
    <ClCompile Include="포인터배열_문자열입력.c">
      <Filter>Source Files\docs\_</Filter>
    </ClCompile>
    <ClCompile Include="알고리즘_포인터_최댓값.c">
      <Filter>Source Files\docs\_</Filter>
    </ClCompile>
    <ClCompile Include="알고리즘_포인터_선택정렬.c">
      <Filter>Source Files\docs\_</Filter>
    </ClCompile>
    <ClCompile Include="포인터_포인터변수.c">
      <Filter>Source Files\docs\_</Filter>
    </ClCompile>
    <ClCompile Include="포인터_정수형.c">
      <Filter>Source Files\docs\_</Filter>
    </ClCompile>
    <ClCompile Include="포인터_포인터변수의주소출력.c">
      <Filter>Source Files\docs\_</Filter>
    </ClCompile>
    <ClCompile Include="포인터_실수형포인터.c">
      <Filter>Source Files\docs\_</Filter>
    </ClCompile>
    <ClCompile Include="algorithm_pointer_selectionsort.c">
      <Filter>Source Files\docs</Filter>
    </ClCompile>
    <ClCompile Include="algorithm_pointer_max.c">
      <Filter>Source Files\docs</Filter>
    </ClCompile>
    <ClCompile Include="pointer_float_type.c">
      <Filter>Source Files\docs</Filter>
    </ClCompile>
    <ClCompile Include="pointer_integer.c">
      <Filter>Source Files\docs</Filter>
    </ClCompile>
    <ClCompile Include="pointer_variable_address.c">
      <Filter>Source Files\docs</Filter>
    </ClCompile>
    <ClCompile Include="pointer_array_string.c">
      <Filter>Source Files\docs</Filter>
    </ClCompile>
    <ClCompile Include="pointer_array_gets.c">
      <Filter>Source Files\docs</Filter>
    </ClCompile>
  </ItemGroup>
</Project>