<?xml version="1.0" encoding="utf-8"?>
<Project ToolsVersion="4.0" xmlns="http://schemas.microsoft.com/developer/msbuild/2003">
  <ItemGroup>
    <ClCompile Include="SwitchExpression.c" />
    <ClCompile Include="Switch.c" />
    <ClCompile Include="SwitchStatement.c" />
    <ClCompile Include="선택문.c" />
    <ClCompile Include="Switch문.c" />
    <ClCompile Include="SwitchPractice.c" />
  </ItemGroup>
</Project>