<?xml version="1.0" encoding="utf-8"?>
<Project ToolsVersion="4.0" xmlns="http://schemas.microsoft.com/developer/msbuild/2003">
  <ItemGroup>
    <Filter Include="소스 파일">
      <UniqueIdentifier>{4FC737F1-C7A5-4376-A066-2A32D752A2FF}</UniqueIdentifier>
      <Extensions>cpp;c;cc;cxx;c++;cppm;ixx;def;odl;idl;hpj;bat;asm;asmx</Extensions>
    </Filter>
    <Filter Include="헤더 파일">
      <UniqueIdentifier>{93995380-89BD-4b04-88EB-625FBE52EBFB}</UniqueIdentifier>
      <Extensions>h;hh;hpp;hxx;h++;hm;inl;inc;ipp;xsd</Extensions>
    </Filter>
    <Filter Include="리소스 파일">
      <UniqueIdentifier>{67DA6AB6-F800-4c08-8B7A-83BB121AAD01}</UniqueIdentifier>
      <Extensions>rc;ico;cur;bmp;dlg;rc2;rct;bin;rgs;gif;jpg;jpeg;jpe;resx;tiff;tif;png;wav;mfcribbon-ms</Extensions>
    </Filter>
    <Filter Include="소스 파일\22_Struct">
      <UniqueIdentifier>{b5decffc-db93-4759-8e3a-5ecc81f7ff76}</UniqueIdentifier>
    </Filter>
    <Filter Include="소스 파일\docs">
      <UniqueIdentifier>{bb88b218-1817-4aaf-822d-35ec379a8972}</UniqueIdentifier>
    </Filter>
    <Filter Include="소스 파일\docs\_">
      <UniqueIdentifier>{99e2e257-ead8-43be-9f90-6bac8f60142b}</UniqueIdentifier>
    </Filter>
    <Filter Include="소스 파일\_">
      <UniqueIdentifier>{c50a9c97-cec9-4d17-8731-77e95a34923b}</UniqueIdentifier>
    </Filter>
  </ItemGroup>
  <ItemGroup>
    <ClCompile Include="HelloSee.c">
      <Filter>소스 파일</Filter>
    </ClCompile>
    <ClCompile Include="구조체_member.c">
      <Filter>소스 파일\22_Struct</Filter>
    </ClCompile>
    <ClCompile Include="구조체_구조체배열.c">
      <Filter>소스 파일\22_Struct</Filter>
    </ClCompile>
    <ClCompile Include="diamond_docs.c">
      <Filter>소스 파일</Filter>
    </ClCompile>
    <ClCompile Include="diamond_recursion.c">
      <Filter>소스 파일</Filter>
    </ClCompile>
    <ClCompile Include="diamond_description.c">
      <Filter>소스 파일</Filter>
    </ClCompile>
    <ClCompile Include="diamond_short.c">
      <Filter>소스 파일</Filter>
    </ClCompile>
    <ClCompile Include="inverted_pyramid.c">
      <Filter>소스 파일</Filter>
    </ClCompile>
    <ClCompile Include="MacroConstant.c">
      <Filter>소스 파일\docs\_</Filter>
    </ClCompile>
    <ClCompile Include="macro_constant.c">
      <Filter>소스 파일</Filter>
    </ClCompile>
    <ClCompile Include="현재날짜및시간구하기.c">
      <Filter>소스 파일</Filter>
    </ClCompile>
    <ClCompile Include="current_time_localtime.c">
      <Filter>소스 파일</Filter>
    </ClCompile>
    <ClCompile Include="putchar_macro.c">
      <Filter>소스 파일</Filter>
    </ClCompile>
    <ClCompile Include="PutcharMacro.c">
      <Filter>소스 파일\docs\_</Filter>
    </ClCompile>
    <ClCompile Include="getchar_macro.c">
      <Filter>소스 파일</Filter>
    </ClCompile>
    <ClCompile Include="GetcharMacro.c">
      <Filter>소스 파일\docs\_</Filter>
    </ClCompile>
    <ClCompile Include="전처리기.c">
      <Filter>소스 파일\_</Filter>
    </ClCompile>
    <ClCompile Include="preprocessor_define.c">
      <Filter>소스 파일</Filter>
    </ClCompile>
    <ClCompile Include="전처리기_매크로함수.c">
      <Filter>소스 파일\_</Filter>
    </ClCompile>
    <ClCompile Include="preprocessor_macro_function.c">
      <Filter>소스 파일</Filter>
    </ClCompile>
    <ClCompile Include="function_pointer.c">
      <Filter>소스 파일</Filter>
    </ClCompile>
    <ClCompile Include="goto_calc.c">
      <Filter>소스 파일</Filter>
    </ClCompile>
    <ClCompile Include="char_array_quiz.c">
      <Filter>소스 파일</Filter>
    </ClCompile>
    <ClCompile Include="pointer_array_week.c">
      <Filter>소스 파일</Filter>
    </ClCompile>
    <ClCompile Include="address_of_operator.c">
      <Filter>소스 파일</Filter>
    </ClCompile>
    <ClCompile Include="strstr.c">
      <Filter>소스 파일</Filter>
    </ClCompile>
    <ClCompile Include="strtok_demo.c">
      <Filter>소스 파일</Filter>
    </ClCompile>
    <ClCompile Include="scanf.c">
      <Filter>소스 파일</Filter>
    </ClCompile>
    <ClCompile Include="distance.c">
      <Filter>소스 파일</Filter>
    </ClCompile>
    <ClCompile Include="quicksort_string_sort.c">
      <Filter>소스 파일</Filter>
    </ClCompile>
    <ClCompile Include="qsort_string_sort.c">
      <Filter>소스 파일</Filter>
    </ClCompile>
    <ClCompile Include="qsort_demo.c">
      <Filter>소스 파일</Filter>
    </ClCompile>
    <ClCompile Include="qsort_sort.c">
      <Filter>소스 파일</Filter>
    </ClCompile>
    <ClCompile Include="bsearch_demo.c">
      <Filter>소스 파일</Filter>
    </ClCompile>
    <ClCompile Include="lotto.c">
      <Filter>소스 파일</Filter>
    </ClCompile>
    <ClCompile Include="gcd.c">
      <Filter>소스 파일</Filter>
    </ClCompile>
    <ClCompile Include="lcm.c">
      <Filter>소스 파일</Filter>
    </ClCompile>
    <ClCompile Include="camerautra.c">
      <Filter>소스 파일</Filter>
    </ClCompile>
    <ClCompile Include="time_localtime.c">
      <Filter>소스 파일</Filter>
    </ClCompile>
    <ClCompile Include="difftime_demo.c">
      <Filter>소스 파일</Filter>
    </ClCompile>
    <ClCompile Include="difftime_seconds.c">
      <Filter>소스 파일</Filter>
    </ClCompile>
    <ClCompile Include="difftime_hours.c">
      <Filter>소스 파일</Filter>
    </ClCompile>
    <ClCompile Include="d_day.c">
      <Filter>소스 파일</Filter>
    </ClCompile>
    <ClCompile Include="number_of_words.c">
      <Filter>소스 파일</Filter>
    </ClCompile>
    <ClCompile Include="number_of_spaces.c">
      <Filter>소스 파일</Filter>
    </ClCompile>
    <ClCompile Include="struct_bit_fields.c">
      <Filter>소스 파일</Filter>
    </ClCompile>
    <ClCompile Include="struct_malloc.c">
      <Filter>소스 파일</Filter>
    </ClCompile>
    <ClCompile Include="struct_array_malloc.c">
      <Filter>소스 파일</Filter>
    </ClCompile>
    <ClCompile Include="struct_return.c">
      <Filter>소스 파일</Filter>
    </ClCompile>
    <ClCompile Include="struct_parameter.c">
      <Filter>소스 파일</Filter>
    </ClCompile>
    <ClCompile Include="struct_parameter_int.c">
      <Filter>소스 파일</Filter>
    </ClCompile>
    <ClCompile Include="struct_array_parameter.c">
      <Filter>소스 파일</Filter>
    </ClCompile>
    <ClCompile Include="struct_clone.c">
      <Filter>소스 파일</Filter>
    </ClCompile>
    <ClCompile Include="struct_size.c">
      <Filter>소스 파일</Filter>
    </ClCompile>
    <ClCompile Include="struct_padding.c">
      <Filter>소스 파일</Filter>
    </ClCompile>
    <ClCompile Include="union_data.c">
      <Filter>소스 파일</Filter>
    </ClCompile>
    <ClCompile Include="function_pointer_demo.c">
      <Filter>소스 파일</Filter>
    </ClCompile>
    <ClCompile Include="function_pointer_return.c">
      <Filter>소스 파일</Filter>
    </ClCompile>
    <ClCompile Include="function_pointer_array.c">
      <Filter>소스 파일</Filter>
    </ClCompile>
    <ClCompile Include="function_pointer_struct.c">
      <Filter>소스 파일</Filter>
    </ClCompile>
    <ClCompile Include="function_pointer_parameter.c">
      <Filter>소스 파일</Filter>
    </ClCompile>
    <ClCompile Include="function_pointer_returnvalue.c">
      <Filter>소스 파일</Filter>
    </ClCompile>
    <ClCompile Include="file_fputc.c">
      <Filter>소스 파일</Filter>
    </ClCompile>
    <ClCompile Include="file_fgetc.c">
      <Filter>소스 파일</Filter>
    </ClCompile>
    <ClCompile Include="file_fputs.c">
      <Filter>소스 파일</Filter>
    </ClCompile>
    <ClCompile Include="file_fwrite.c">
      <Filter>소스 파일</Filter>
    </ClCompile>
    <ClCompile Include="file_fgets.c">
      <Filter>소스 파일</Filter>
    </ClCompile>
    <ClCompile Include="file_fread.c">
      <Filter>소스 파일</Filter>
    </ClCompile>
    <ClCompile Include="inches_centimeters.c">
      <Filter>소스 파일</Filter>
    </ClCompile>
    <ClCompile Include="pyung_to_sqm.c">
      <Filter>소스 파일</Filter>
    </ClCompile>
    <ClCompile Include="pound_to_kg.c">
      <Filter>소스 파일</Filter>
    </ClCompile>
    <ClCompile Include="feet_to_cm.c">
      <Filter>소스 파일</Filter>
    </ClCompile>
    <ClCompile Include="baseball.c">
      <Filter>소스 파일</Filter>
    </ClCompile>
    <ClCompile Include="file_fscanf.c">
      <Filter>소스 파일</Filter>
    </ClCompile>
    <ClCompile Include="file_reverse.c">
      <Filter>소스 파일</Filter>
    </ClCompile>
    <ClCompile Include="file_ftell.c">
      <Filter>소스 파일</Filter>
    </ClCompile>
    <ClCompile Include="file_filesize.c">
      <Filter>소스 파일</Filter>
    </ClCompile>
    <ClCompile Include="file_fopen_fread.c">
      <Filter>소스 파일</Filter>
    </ClCompile>
    <ClCompile Include="file_read_filesize.c">
      <Filter>소스 파일</Filter>
    </ClCompile>
    <ClCompile Include="file_exist.c">
      <Filter>소스 파일</Filter>
    </ClCompile>
    <ClCompile Include="file_directory_exist.c">
      <Filter>소스 파일</Filter>
    </ClCompile>
    <ClCompile Include="random_number.c">
      <Filter>소스 파일</Filter>
    </ClCompile>
    <ClCompile Include="random_float.c">
      <Filter>소스 파일</Filter>
    </ClCompile>
    <ClCompile Include="sqrt.c">
      <Filter>소스 파일</Filter>
    </ClCompile>
    <ClCompile Include="math_abs.c">
      <Filter>소스 파일</Filter>
    </ClCompile>
    <ClCompile Include="math_pow.c">
      <Filter>소스 파일</Filter>
    </ClCompile>
    <ClCompile Include="math_ceil_floor.c">
      <Filter>소스 파일</Filter>
    </ClCompile>
    <ClCompile Include="gcd_lcm.c">
      <Filter>소스 파일</Filter>
    </ClCompile>
    <ClCompile Include="deposit_calculator.c">
      <Filter>소스 파일</Filter>
    </ClCompile>
    <ClCompile Include="savings_calc.c">
      <Filter>소스 파일</Filter>
    </ClCompile>
    <ClCompile Include="string_strlwr.c">
      <Filter>소스 파일</Filter>
    </ClCompile>
    <ClCompile Include="string_strupr.c">
      <Filter>소스 파일</Filter>
    </ClCompile>
    <ClCompile Include="convert_sprintf.c">
      <Filter>소스 파일</Filter>
    </ClCompile>
    <ClCompile Include="convert_number_to_string.c">
      <Filter>소스 파일</Filter>
    </ClCompile>
    <ClCompile Include="is_palindrome.c">
      <Filter>소스 파일</Filter>
    </ClCompile>
    <ClCompile Include="pow_recursive.c">
      <Filter>소스 파일</Filter>
    </ClCompile>
    <ClCompile Include="recursive_fibonacci.c">
      <Filter>소스 파일</Filter>
    </ClCompile>
    <ClCompile Include="recursive_sum.c">
      <Filter>소스 파일</Filter>
    </ClCompile>
    <ClCompile Include="reverse_string.c">
      <Filter>소스 파일</Filter>
    </ClCompile>
    <ClCompile Include="judge_factorial.c">
      <Filter>소스 파일</Filter>
    </ClCompile>
    <ClCompile Include="judge_palindrome.c">
      <Filter>소스 파일</Filter>
    </ClCompile>
    <ClCompile Include="void_pointer.c">
      <Filter>소스 파일</Filter>
    </ClCompile>
    <ClCompile Include="strstr_ppt.c">
      <Filter>소스 파일</Filter>
    </ClCompile>
    <ClCompile Include="strstr_quiz.c">
      <Filter>소스 파일</Filter>
    </ClCompile>
    <ClCompile Include="strchr_strrchr_note.c">
      <Filter>소스 파일</Filter>
    </ClCompile>
    <ClCompile Include="strchr_strrchr_quiz.c">
      <Filter>소스 파일</Filter>
    </ClCompile>
    <ClCompile Include="포인터_정리.c">
      <Filter>소스 파일\_</Filter>
    </ClCompile>
    <ClCompile Include="포인터연습_메모리할당.c">
      <Filter>소스 파일\_</Filter>
    </ClCompile>
    <ClCompile Include="DDay구하기(mktime).c">
      <Filter>소스 파일\_</Filter>
    </ClCompile>
    <ClCompile Include="날짜및시간을문자열로출력(ctime).c">
      <Filter>소스 파일\_</Filter>
    </ClCompile>
    <ClCompile Include="C 언어로 현재 날짜와 시간을 문자열로 출력하는 예제.c">
      <Filter>소스 파일\_</Filter>
    </ClCompile>
    <ClCompile Include="time_string_format.c">
      <Filter>소스 파일</Filter>
    </ClCompile>
    <ClCompile Include="포인터확장.c">
      <Filter>소스 파일\_</Filter>
    </ClCompile>
    <ClCompile Include="포인터연산1.c">
      <Filter>소스 파일\_</Filter>
    </ClCompile>
    <ClCompile Include="c-language.c">
      <Filter>소스 파일</Filter>
    </ClCompile>
    <ClCompile Include="pointer_operation_increment_decrement.c">
      <Filter>소스 파일</Filter>
    </ClCompile>
    <ClCompile Include="포인터_배열.c">
      <Filter>소스 파일\_</Filter>
    </ClCompile>
    <ClCompile Include="pointer_array.c">
      <Filter>소스 파일</Filter>
    </ClCompile>
    <ClCompile Include="포인터_실수형.c">
      <Filter>소스 파일\_</Filter>
    </ClCompile>
    <ClCompile Include="포인터_정수형1.c">
      <Filter>소스 파일\_</Filter>
    </ClCompile>
    <ClCompile Include="포인터_정수형2.c">
      <Filter>소스 파일\_</Filter>
    </ClCompile>
    <ClCompile Include="포인터_다중문자열입력.c">
      <Filter>소스 파일\_</Filter>
    </ClCompile>
    <ClCompile Include="array_multi_strings.c">
      <Filter>소스 파일</Filter>
    </ClCompile>
    <ClCompile Include="포인터배열_요일출력.c">
      <Filter>소스 파일\_</Filter>
    </ClCompile>
    <ClCompile Include="포인터_이차원배열.c">
      <Filter>소스 파일\_</Filter>
    </ClCompile>
    <ClCompile Include="pointer_array_two.c">
      <Filter>소스 파일</Filter>
    </ClCompile>
    <ClCompile Include="포인터_문자열이중포인터.c">
      <Filter>소스 파일\_</Filter>
    </ClCompile>
    <ClCompile Include="pointer_strings_refs.c">
      <Filter>소스 파일</Filter>
    </ClCompile>
    <ClCompile Include="포인터_포인터배열.c">
      <Filter>소스 파일\_</Filter>
    </ClCompile>
    <ClCompile Include="pointer_string_array.c">
      <Filter>소스 파일</Filter>
    </ClCompile>
    <ClCompile Include="포인터사용복수문자열입력.c">
      <Filter>소스 파일\_</Filter>
    </ClCompile>
    <ClCompile Include="포인터배열_대소문자치환.c">
      <Filter>소스 파일\_</Filter>
    </ClCompile>
    <ClCompile Include="pointer_array_toupper_tolower.c">
      <Filter>소스 파일</Filter>
    </ClCompile>
    <ClCompile Include="포인터배열을함수에서사용.c">
      <Filter>소스 파일\_</Filter>
    </ClCompile>
    <ClCompile Include="pointer_print_array.c">
      <Filter>소스 파일</Filter>
    </ClCompile>
    <ClCompile Include="포인터_이중포인터.c">
      <Filter>소스 파일\_</Filter>
    </ClCompile>
    <ClCompile Include="포인터_정수형배열계산.c">
      <Filter>소스 파일\_</Filter>
    </ClCompile>
    <ClCompile Include="pointer_integer_array.c">
      <Filter>소스 파일</Filter>
    </ClCompile>
    <ClCompile Include="포인터_복수문자열입력.c">
      <Filter>소스 파일\_</Filter>
    </ClCompile>
    <ClCompile Include="pointer_strings_input.c">
      <Filter>소스 파일</Filter>
    </ClCompile>
    <ClCompile Include="포인터배열.c">
      <Filter>소스 파일\_</Filter>
    </ClCompile>
    <ClCompile Include="pointerarray.c">
      <Filter>소스 파일</Filter>
    </ClCompile>
    <ClCompile Include="포인터를함수에서사용.c">
      <Filter>소스 파일\_</Filter>
    </ClCompile>
    <ClCompile Include="pointer_function_parameter.c">
      <Filter>소스 파일</Filter>
    </ClCompile>
    <ClCompile Include="포인터.c">
      <Filter>소스 파일\_</Filter>
    </ClCompile>
    <ClCompile Include="정보처리산업기사20080706.c">
      <Filter>소스 파일\_</Filter>
    </ClCompile>
    <ClCompile Include="열거형_요일나타내기.c">
      <Filter>소스 파일\_</Filter>
    </ClCompile>
    <ClCompile Include="enum_day_of_week.c">
      <Filter>소스 파일</Filter>
    </ClCompile>
    <ClCompile Include="해시테이블.c">
      <Filter>소스 파일\_</Filter>
    </ClCompile>
    <ClCompile Include="전처리기2.c">
      <Filter>소스 파일\_</Filter>
    </ClCompile>
    <ClCompile Include="기억클래스_레지스터변수.c">
      <Filter>소스 파일\_</Filter>
    </ClCompile>
    <ClCompile Include="register.c">
      <Filter>소스 파일</Filter>
    </ClCompile>
    <ClCompile Include="기억클래스_외부변수.c">
      <Filter>소스 파일\_</Filter>
    </ClCompile>
    <ClCompile Include="기억클래스_외부변수2.c">
      <Filter>소스 파일\_</Filter>
    </ClCompile>
    <ClCompile Include="external_variable.c">
      <Filter>소스 파일</Filter>
    </ClCompile>
    <ClCompile Include="포인터_정수형배열합.c">
      <Filter>소스 파일\_</Filter>
    </ClCompile>
    <ClCompile Include="포인터_함수다중반환값.c">
      <Filter>소스 파일\_</Filter>
    </ClCompile>
    <ClCompile Include="pointer_function_multi_return.c">
      <Filter>소스 파일</Filter>
    </ClCompile>
    <ClCompile Include="관계연산자.c">
      <Filter>소스 파일\_</Filter>
    </ClCompile>
    <ClCompile Include="예제_원의넓이와둘레길이.c">
      <Filter>소스 파일\_</Filter>
    </ClCompile>
    <ClCompile Include="수학관련함수.c">
      <Filter>소스 파일\_</Filter>
    </ClCompile>
    <ClCompile Include="수열예제.c">
      <Filter>소스 파일\_</Filter>
    </ClCompile>
    <ClCompile Include="순차연산자.c">
      <Filter>소스 파일\_</Filter>
    </ClCompile>
    <ClCompile Include="증감연산자_예제.c">
      <Filter>소스 파일\_</Filter>
    </ClCompile>
    <ClCompile Include="증감연산자설명.c">
      <Filter>소스 파일\_</Filter>
    </ClCompile>
    <ClCompile Include="에러의종류.c">
      <Filter>소스 파일\_</Filter>
    </ClCompile>
    <ClCompile Include="반복문1.c">
      <Filter>소스 파일\_</Filter>
    </ClCompile>
    <ClCompile Include="반복문2.c">
      <Filter>소스 파일\_</Filter>
    </ClCompile>
    <ClCompile Include="반복문3.c">
      <Filter>소스 파일\_</Filter>
    </ClCompile>
    <ClCompile Include="마름모출력.c">
      <Filter>소스 파일\_</Filter>
    </ClCompile>
    <ClCompile Include="역삼각형출력.c">
      <Filter>소스 파일\_</Filter>
    </ClCompile>
    <ClCompile Include="reverse_triangle.c">
      <Filter>소스 파일</Filter>
    </ClCompile>
    <ClCompile Include="공문단문복문.c">
      <Filter>소스 파일\_</Filter>
    </ClCompile>
    <ClCompile Include="구간반복.c">
      <Filter>소스 파일\_</Filter>
    </ClCompile>
    <ClCompile Include="조건문2.c">
      <Filter>소스 파일\_</Filter>
    </ClCompile>
    <ClCompile Include="시프트연산자.c">
      <Filter>소스 파일\_</Filter>
    </ClCompile>
    <ClCompile Include="값형과참조형.c">
      <Filter>소스 파일\_</Filter>
    </ClCompile>
    <ClCompile Include="call_by_value_and_reference.c">
      <Filter>소스 파일</Filter>
    </ClCompile>
    <ClCompile Include="구조체_성적처리.c">
      <Filter>소스 파일\22_Struct</Filter>
    </ClCompile>
    <ClCompile Include="struct_score.c">
      <Filter>소스 파일</Filter>
    </ClCompile>
    <ClCompile Include="대소문자구분.c">
      <Filter>소스 파일\_</Filter>
    </ClCompile>
  </ItemGroup>
</Project>