<?xml version="1.0" encoding="utf-8"?>
<Project ToolsVersion="4.0" xmlns="http://schemas.microsoft.com/developer/msbuild/2003">
  <ItemGroup>
    <Filter Include="소스 파일">
      <UniqueIdentifier>{4FC737F1-C7A5-4376-A066-2A32D752A2FF}</UniqueIdentifier>
      <Extensions>cpp;c;cc;cxx;c++;cppm;ixx;def;odl;idl;hpj;bat;asm;asmx</Extensions>
    </Filter>
    <Filter Include="헤더 파일">
      <UniqueIdentifier>{93995380-89BD-4b04-88EB-625FBE52EBFB}</UniqueIdentifier>
      <Extensions>h;hh;hpp;hxx;h++;hm;inl;inc;ipp;xsd</Extensions>
    </Filter>
    <Filter Include="리소스 파일">
      <UniqueIdentifier>{67DA6AB6-F800-4c08-8B7A-83BB121AAD01}</UniqueIdentifier>
      <Extensions>rc;ico;cur;bmp;dlg;rc2;rct;bin;rgs;gif;jpg;jpeg;jpe;resx;tiff;tif;png;wav;mfcribbon-ms</Extensions>
    </Filter>
    <Filter Include="소스 파일\_">
      <UniqueIdentifier>{1c83693e-36f5-4be7-b47f-03c26b490382}</UniqueIdentifier>
    </Filter>
  </ItemGroup>
  <ItemGroup>
    <ClCompile Include="알고리즘_최소값.c">
      <Filter>소스 파일\_</Filter>
    </ClCompile>
    <ClCompile Include="알고리즘_순위.c">
      <Filter>소스 파일\_</Filter>
    </ClCompile>
    <ClCompile Include="알고리즘_선택정렬.c">
      <Filter>소스 파일\_</Filter>
    </ClCompile>
    <ClCompile Include="오름차순정렬.c">
      <Filter>소스 파일\_</Filter>
    </ClCompile>
    <ClCompile Include="알고리즘_병합(MEARGE).c">
      <Filter>소스 파일\_</Filter>
    </ClCompile>
    <ClCompile Include="알고리즘_합계.c">
      <Filter>소스 파일\_</Filter>
    </ClCompile>
    <ClCompile Include="알고리즘_축차탐색.c">
      <Filter>소스 파일\_</Filter>
    </ClCompile>
    <ClCompile Include="알고리즘_순위(RANK).c">
      <Filter>소스 파일\_</Filter>
    </ClCompile>
    <ClCompile Include="알고리즘_평균.c">
      <Filter>소스 파일\_</Filter>
    </ClCompile>
    <ClCompile Include="최댓값최솟값.c">
      <Filter>소스 파일\_</Filter>
    </ClCompile>
    <ClCompile Include="알고리즘_가까운값(NEAR).c">
      <Filter>소스 파일\_</Filter>
    </ClCompile>
    <ClCompile Include="알고리즘_합계카운트평균.c">
      <Filter>소스 파일\_</Filter>
    </ClCompile>
    <ClCompile Include="포인터_합계카운트평균.c">
      <Filter>소스 파일\_</Filter>
    </ClCompile>
    <ClCompile Include="기사문제풀이_1회_수열_1.c">
      <Filter>소스 파일\_</Filter>
    </ClCompile>
    <ClCompile Include="기사문제풀이_1회_수열_2.c">
      <Filter>소스 파일\_</Filter>
    </ClCompile>
    <ClCompile Include="알고리즘_최빈값(MODE).c">
      <Filter>소스 파일\_</Filter>
    </ClCompile>
    <ClCompile Include="선택정렬알고리즘설명.c">
      <Filter>소스 파일\_</Filter>
    </ClCompile>
    <ClCompile Include="알고리즘_기능사_기출문제1.c">
      <Filter>소스 파일\_</Filter>
    </ClCompile>
    <ClCompile Include="알고리즘_기능사_기출문제2.c">
      <Filter>소스 파일\_</Filter>
    </ClCompile>
    <ClCompile Include="알고리즘_기능사_기출문제3.c">
      <Filter>소스 파일\_</Filter>
    </ClCompile>
    <ClCompile Include="알고리즘_순차검색(SEARCH).c">
      <Filter>소스 파일\_</Filter>
    </ClCompile>
    <ClCompile Include="알고리즘_기사문제풀이1.c">
      <Filter>소스 파일\_</Filter>
    </ClCompile>
    <ClCompile Include="알고리즘_기사문제풀이4.c">
      <Filter>소스 파일\_</Filter>
    </ClCompile>
    <ClCompile Include="알고리즘_기사문제풀이5.c">
      <Filter>소스 파일\_</Filter>
    </ClCompile>
  </ItemGroup>
</Project>