<?xml version="1.0" encoding="utf-8"?>
<Project ToolsVersion="4.0" xmlns="http://schemas.microsoft.com/developer/msbuild/2003">
  <ItemGroup>
    <ClCompile Include="전처리기.c" />
    <ClCompile Include="전처리기_매크로함수.c" />
    <ClCompile Include="전처리기설명.c" />
    <ClCompile Include="전처리기_조건부컴파일.c" />
    <ClCompile Include="사용자정의데이터형식.c" />
    <ClCompile Include="일년을일시분초로출력.c" />
    <ClCompile Include="매크로_내장매크로.c" />
    <ClCompile Include="매크로_경로에러중지.c" />
    <ClCompile Include="매크로_매크로상수가선언되었는지확인.c" />
    <ClCompile Include="매크로_매크로함수정의.c" />
    <ClCompile Include="매크로_매크로함수정의확장.c" />
    <ClCompile Include="매크로_매크로상수정의하기.c" />
    <ClCompile Include="기억클래스_외부변수1.c" />
    <ClCompile Include="기억클래스_외부변수2.c" />
    <ClCompile Include="기억클래스_자동변수.c" />
    <ClCompile Include="구구단데모.c" />
    <ClCompile Include="매크로_매크로상수의정의취소.c" />
    <ClCompile Include="매크로_매크로상수의값을확인.c" />
    <ClCompile Include="매크로_매크로상수가선언되지않았을때에러출력.c" />
  </ItemGroup>
</Project>