<?xml version="1.0" encoding="utf-8"?>
<Project ToolsVersion="4.0" xmlns="http://schemas.microsoft.com/developer/msbuild/2003">
  <ItemGroup>
    <ClCompile Include="ForDescription.c" />
    <ClCompile Include="For.c" />
    <ClCompile Include="for_nested_loop.c" />
    <ClCompile Include="for_square.c" />
    <ClCompile Include="for_rectangle.c" />
    <ClCompile Include="for_nested_triangle_docs.c" />
    <ClCompile Include="backslash.c" />
    <ClCompile Include="backslash_ox.c" />
    <ClCompile Include="space_triangle.c" />
    <ClCompile Include="space_triangle_2.c" />
    <ClCompile Include="fizzbuzz_docs.c" />
    <ClCompile Include="fizzbuzz_exam_docs.c" />
    <ClCompile Include="divisor_docs.c" />
    <ClCompile Include="divisor.c" />
    <ClCompile Include="For문.c" />
    <ClCompile Include="ForSum.c" />
    <ClCompile Include="짝수의합.c" />
    <ClCompile Include="배수의합.c" />
  </ItemGroup>
</Project>