
Microsoft Visual Studio Solution File, Format Version 12.00
# Visual Studio Version 16
VisualStudioVersion = 16.0.29209.62
MinimumVisualStudioVersion = 10.0.40219.1
Project("{2150E333-8FDC-42A3-9474-1A3956D46DE8}") = "01_C", "01_C", "{9C2FD706-1F39-46B3-9FCF-52FE977BF00E}"
	ProjectSection(SolutionItems) = preProject
		C.txt = C.txt
	EndProjectSection
EndProject
Project("{2150E333-8FDC-42A3-9474-1A3956D46DE8}") = "02_VisualStudio", "02_VisualStudio", "{CB081CB1-0BEA-4DA6-BF9D-9D215F1131B2}"
EndProject
Project("{2150E333-8FDC-42A3-9474-1A3956D46DE8}") = "03_HelloWorld", "03_HelloWorld", "{4D092D54-1C21-4DCA-9179-350CA8DD399C}"
EndProject
Project("{2150E333-8FDC-42A3-9474-1A3956D46DE8}") = "21_Function", "21_Function", "{EC60490A-F0DF-42EA-BFB3-C75223ED9CB4}"
EndProject
Project("{8BC9CEB8-8B4A-11D0-8D11-00A0C91BC942}") = "함수_정의_호출", "함수_정의_호출\함수_정의_호출.vcxproj", "{739F5BAE-AA27-406F-9A31-DB6D95A3D230}"
EndProject
Project("{8BC9CEB8-8B4A-11D0-8D11-00A0C91BC942}") = "함수설명데모", "함수설명데모\함수설명데모.vcxproj", "{10C8471E-983B-403F-BA90-12857A73CF47}"
EndProject
Project("{8BC9CEB8-8B4A-11D0-8D11-00A0C91BC942}") = "함수설계연습", "함수설계연습\함수설계연습.vcxproj", "{7071BF9A-6B69-4F76-B80C-343B941FF887}"
EndProject
Project("{8BC9CEB8-8B4A-11D0-8D11-00A0C91BC942}") = "FunctionReturnValue", "FunctionReturnValue\FunctionReturnValue.vcxproj", "{F4999B09-1F08-4B1F-8BCB-3C7B4C173E3A}"
EndProject
Project("{8BC9CEB8-8B4A-11D0-8D11-00A0C91BC942}") = "GetSumTwoNumber", "GetSumTwoNumber\GetSumTwoNumber.vcxproj", "{328FC44F-3FF8-4276-BFE1-09E862F82247}"
EndProject
Project("{2150E333-8FDC-42A3-9474-1A3956D46DE8}") = "04_Syntax", "04_Syntax", "{DFC75994-37AC-4942-86F5-1C0E90274085}"
EndProject
Project("{2150E333-8FDC-42A3-9474-1A3956D46DE8}") = "05_Variable", "05_Variable", "{EFDA05AA-3C77-4C11-B3C0-4683ACFB2349}"
EndProject
Project("{2150E333-8FDC-42A3-9474-1A3956D46DE8}") = "06_Number", "06_Number", "{101DD7EE-1D19-4771-9A84-5E6874900D45}"
EndProject
Project("{2150E333-8FDC-42A3-9474-1A3956D46DE8}") = "07_BoolCharString", "07_BoolCharString", "{3E0A2E75-CF38-44C3-94C1-5B35C628FAAE}"
EndProject
Project("{2150E333-8FDC-42A3-9474-1A3956D46DE8}") = "08_ReadLine", "08_ReadLine", "{99B9BF9F-2A16-43BF-9A88-41624094C9C8}"
EndProject
Project("{2150E333-8FDC-42A3-9474-1A3956D46DE8}") = "09_Operator", "09_Operator", "{851FD1B8-2E18-4D14-995E-BBADD796E15A}"
EndProject
Project("{2150E333-8FDC-42A3-9474-1A3956D46DE8}") = "10_AssignmentIncrement", "10_AssignmentIncrement", "{C186169E-0A67-4EC4-885E-A5E8E3581314}"
EndProject
Project("{2150E333-8FDC-42A3-9474-1A3956D46DE8}") = "11_RelationalLogical", "11_RelationalLogical", "{294E063B-EC4B-4492-9F09-CEDAF61301A9}"
EndProject
Project("{8BC9CEB8-8B4A-11D0-8D11-00A0C91BC942}") = "논리연산자", "논리연산자\논리연산자.vcxproj", "{330635B4-2026-4064-BB73-9F673F920961}"
EndProject
Project("{8BC9CEB8-8B4A-11D0-8D11-00A0C91BC942}") = "비교연산자", "비교연산자\비교연산자.vcxproj", "{D984DD9D-376F-423B-AFEB-A0A7F2B75F0E}"
EndProject
Project("{2150E333-8FDC-42A3-9474-1A3956D46DE8}") = "12_BitAndShift", "12_BitAndShift", "{579D6C9D-0497-4796-99EF-F32FCCF8CC35}"
EndProject
Project("{8BC9CEB8-8B4A-11D0-8D11-00A0C91BC942}") = "BitOperatorDescription", "BitOperatorDescription\BitOperatorDescription.vcxproj", "{ADB4575E-CAAB-4F59-82CA-D7DF0840BEDC}"
EndProject
Project("{8BC9CEB8-8B4A-11D0-8D11-00A0C91BC942}") = "ShiftOperatorDemo", "ShiftOperatorDemo\ShiftOperatorDemo.vcxproj", "{E1F9B026-9244-4A40-8BB9-4968F229C371}"
EndProject
Project("{8BC9CEB8-8B4A-11D0-8D11-00A0C91BC942}") = "비교연산자_복습", "비교연산자_복습\비교연산자_복습.vcxproj", "{2B9FAAFB-3D32-477E-938B-E142099189D1}"
EndProject
Project("{2150E333-8FDC-42A3-9474-1A3956D46DE8}") = "13_ConditionalOperator", "13_ConditionalOperator", "{A19F3A07-0892-4470-ADD8-962DFE8EB4A6}"
EndProject
Project("{2150E333-8FDC-42A3-9474-1A3956D46DE8}") = "14_If", "14_If", "{6F06D526-E84B-4F44-9C0C-D19DBD13220B}"
EndProject
Project("{2150E333-8FDC-42A3-9474-1A3956D46DE8}") = "15_Else", "15_Else", "{1DC8E30F-FB46-4429-9552-BF59E6DCF0EC}"
EndProject
Project("{2150E333-8FDC-42A3-9474-1A3956D46DE8}") = "16_Switch", "16_Switch", "{9C6FFDAB-783E-487E-A574-44AA2F8705C2}"
EndProject
Project("{2150E333-8FDC-42A3-9474-1A3956D46DE8}") = "17_For", "17_For", "{B1E907A0-BA85-486C-A20E-43437C8F6795}"
EndProject
Project("{2150E333-8FDC-42A3-9474-1A3956D46DE8}") = "18_While_Do_ForEach", "18_While_Do_ForEach", "{7628DEFB-0B25-41E6-BC00-7376C6EDAA11}"
EndProject
Project("{2150E333-8FDC-42A3-9474-1A3956D46DE8}") = "19_BreakContinueGoto", "19_BreakContinueGoto", "{1B090181-FD8D-49FE-8FA6-678715F8ACB3}"
EndProject
Project("{2150E333-8FDC-42A3-9474-1A3956D46DE8}") = "20_Array", "20_Array", "{2E2D64FD-B01A-455C-ABDE-90E4C3D8BEA0}"
EndProject
Project("{8BC9CEB8-8B4A-11D0-8D11-00A0C91BC942}") = "If문", "If문\If문.vcxproj", "{6674126B-ED0D-45C0-8FFA-F356E6EE1F9D}"
EndProject
Project("{8BC9CEB8-8B4A-11D0-8D11-00A0C91BC942}") = "GreaterThanEqual", "GreaterThanEqual\GreaterThanEqual.vcxproj", "{82751D41-C499-40BE-A411-FA15BFB603D3}"
EndProject
Project("{8BC9CEB8-8B4A-11D0-8D11-00A0C91BC942}") = "선택문", "선택문\선택문.vcxproj", "{A12ADE59-AC42-4CB6-9C9D-053F351D469B}"
EndProject
Project("{2150E333-8FDC-42A3-9474-1A3956D46DE8}") = "22_Interactive", "22_Interactive", "{AE50DB3F-9BA0-4C3B-A72A-20EC8DCBCDCC}"
EndProject
Project("{2150E333-8FDC-42A3-9474-1A3956D46DE8}") = "23_API", "23_API", "{DEC47049-4341-495E-9FF3-808D38E4AA20}"
EndProject
Project("{2150E333-8FDC-42A3-9474-1A3956D46DE8}") = "24_Struct", "24_Struct", "{77BBEACD-78F4-4E0D-ADF6-1DE609A1DA7E}"
EndProject
Project("{2150E333-8FDC-42A3-9474-1A3956D46DE8}") = "25_Enum", "25_Enum", "{0094AA4F-DC37-4B80-85BE-BAC4C2E21B45}"
EndProject
Project("{2150E333-8FDC-42A3-9474-1A3956D46DE8}") = "26_Class", "26_Class", "{679423DB-CF95-4C20-97F3-B09A796DFBCA}"
EndProject
Project("{2150E333-8FDC-42A3-9474-1A3956D46DE8}") = "27_String", "27_String", "{64DFDC0E-C5C9-49BF-9139-A2898D216D80}"
EndProject
Project("{2150E333-8FDC-42A3-9474-1A3956D46DE8}") = "28_Exception", "28_Exception", "{E813E654-7EBC-4B1D-A1B2-56E06D3F45D0}"
EndProject
Project("{2150E333-8FDC-42A3-9474-1A3956D46DE8}") = "29_Collection", "29_Collection", "{950D16BB-7EF8-42F6-B884-29420E346184}"
EndProject
Project("{2150E333-8FDC-42A3-9474-1A3956D46DE8}") = "30_GenericClass", "30_GenericClass", "{A3C7DF56-B1A3-4D94-86CA-C475578CC278}"
EndProject
Project("{2150E333-8FDC-42A3-9474-1A3956D46DE8}") = "31_LINQ", "31_LINQ", "{49AFAC1F-F02D-46F6-9EA9-57FB436E73AB}"
EndProject
Project("{2150E333-8FDC-42A3-9474-1A3956D46DE8}") = "32_Algorithms", "32_Algorithms", "{1A32EA3D-7708-4A13-A587-20C05D2F498D}"
	ProjectSection(SolutionItems) = preProject
		학습용 쉬운 알고리즘 12개.txt = 학습용 쉬운 알고리즘 12개.txt
	EndProjectSection
EndProject
Project("{8BC9CEB8-8B4A-11D0-8D11-00A0C91BC942}") = "선택정렬알고리즘", "선택정렬알고리즘\선택정렬알고리즘.vcxproj", "{E496ABBF-6992-41CA-B918-87EC93177946}"
EndProject
Project("{2150E333-8FDC-42A3-9474-1A3956D46DE8}") = "_", "_", "{8B393D30-C957-476A-8386-97B2D172013E}"
EndProject
Project("{2150E333-8FDC-42A3-9474-1A3956D46DE8}") = "_", "_", "{74F5FF8E-D1BD-421A-AF13-4927DA9C9CFD}"
EndProject
Project("{2150E333-8FDC-42A3-9474-1A3956D46DE8}") = "_", "_", "{ADA47EC4-3117-4A79-BA40-69952C8428BD}"
EndProject
Project("{2150E333-8FDC-42A3-9474-1A3956D46DE8}") = "_", "_", "{EE911D9E-8090-4EFA-B1FD-EB7584EB840A}"
EndProject
Project("{2150E333-8FDC-42A3-9474-1A3956D46DE8}") = "_", "_", "{D97EA1EE-798D-4E83-B4B3-DCA3A90DB0F4}"
EndProject
Project("{2150E333-8FDC-42A3-9474-1A3956D46DE8}") = "_", "_", "{461E03FF-18F7-405D-A1E1-D53FA845B22A}"
EndProject
Project("{2150E333-8FDC-42A3-9474-1A3956D46DE8}") = "_", "_", "{662B0814-4376-4ADF-A38E-39C5B33FF539}"
EndProject
Project("{2150E333-8FDC-42A3-9474-1A3956D46DE8}") = "_", "_", "{DA24130A-9D0B-402C-B650-927074E78520}"
EndProject
Project("{2150E333-8FDC-42A3-9474-1A3956D46DE8}") = "_", "_", "{118907A3-EDB4-4AFB-9A3B-E3326356D140}"
EndProject
Project("{2150E333-8FDC-42A3-9474-1A3956D46DE8}") = "_", "_", "{6BDFB3F9-FA68-4786-9055-22ECCB79E6DE}"
EndProject
Project("{2150E333-8FDC-42A3-9474-1A3956D46DE8}") = "_", "_", "{47882DE7-95D0-4883-89CB-EE0CFAB65A6A}"
EndProject
Project("{2150E333-8FDC-42A3-9474-1A3956D46DE8}") = "_", "_", "{F45CEAF6-76C2-4BED-96F1-A98818B9494C}"
EndProject
Project("{2150E333-8FDC-42A3-9474-1A3956D46DE8}") = "_", "_", "{F71890C8-1EE4-4458-9F2F-ED457A834DCA}"
EndProject
Project("{2150E333-8FDC-42A3-9474-1A3956D46DE8}") = "_", "_", "{AEC17668-909D-4701-89F7-6CDAE3EA6093}"
EndProject
Project("{2150E333-8FDC-42A3-9474-1A3956D46DE8}") = "_", "_", "{5D1BC05B-8939-4E75-A634-A079ACE27361}"
EndProject
Project("{2150E333-8FDC-42A3-9474-1A3956D46DE8}") = "_", "_", "{86F1080C-E7E7-4D33-AA7E-4B80EA5293CA}"
EndProject
Project("{2150E333-8FDC-42A3-9474-1A3956D46DE8}") = "_", "_", "{C3E02C69-55CF-47B2-B18D-729D1FCD8209}"
EndProject
Project("{2150E333-8FDC-42A3-9474-1A3956D46DE8}") = "_", "_", "{AFB29CE9-6269-4B0B-990A-A1DD75E1E646}"
EndProject
Project("{2150E333-8FDC-42A3-9474-1A3956D46DE8}") = "_", "_", "{6D5DAD51-5CCA-4FD9-B0D4-D6AB763F52AE}"
EndProject
Project("{2150E333-8FDC-42A3-9474-1A3956D46DE8}") = "_", "_", "{DFA2C6BC-D5B7-4B01-A18A-6CA7EB510E19}"
EndProject
Project("{2150E333-8FDC-42A3-9474-1A3956D46DE8}") = "_", "_", "{5B1EE7E7-FA95-4FA6-8A60-FB6BCC2BD8AE}"
EndProject
Project("{2150E333-8FDC-42A3-9474-1A3956D46DE8}") = "_", "_", "{992CA626-A420-4F0E-BD33-7596D7949F47}"
EndProject
Project("{2150E333-8FDC-42A3-9474-1A3956D46DE8}") = "_", "_", "{0FB25D75-6A87-4582-8D89-98DB622450CC}"
EndProject
Project("{2150E333-8FDC-42A3-9474-1A3956D46DE8}") = "_", "_", "{DC09642D-4454-4D17-8DBD-E36DA7F61E3B}"
EndProject
Project("{2150E333-8FDC-42A3-9474-1A3956D46DE8}") = "_", "_", "{FD805621-B88B-4E73-9FAF-1FE2B9DCB5B7}"
EndProject
Project("{2150E333-8FDC-42A3-9474-1A3956D46DE8}") = "_", "_", "{4096B268-CE62-4F38-86BE-B6181B537BBC}"
EndProject
Project("{8BC9CEB8-8B4A-11D0-8D11-00A0C91BC942}") = "합계카운트평균", "합계카운트평균\합계카운트평균.vcxproj", "{9D629D64-594C-4FDA-8578-5C95EC5BACBA}"
EndProject
Project("{8BC9CEB8-8B4A-11D0-8D11-00A0C91BC942}") = "01_01_SumAlgorithm", "SumAlgorithm\SumAlgorithm.vcxproj", "{2FA2C260-3923-4102-B033-31E452C572F6}"
EndProject
Project("{8BC9CEB8-8B4A-11D0-8D11-00A0C91BC942}") = "02_02_알고리즘_카운트", "알고리즘_카운트\알고리즘_카운트.vcxproj", "{D374C845-BA79-458D-B5B5-C6B062A94450}"
EndProject
Project("{8BC9CEB8-8B4A-11D0-8D11-00A0C91BC942}") = "02_01_CountAlgorithm", "CountAlgorithm\CountAlgorithm.vcxproj", "{0E680BA7-5785-4FF8-9751-C5F7EE83C337}"
EndProject
Project("{8BC9CEB8-8B4A-11D0-8D11-00A0C91BC942}") = "03_01_AverageAlgorithm", "AverageAlgorithm\AverageAlgorithm.vcxproj", "{54FC6D03-4683-4E95-83D5-2C5F2E73D526}"
EndProject
Project("{8BC9CEB8-8B4A-11D0-8D11-00A0C91BC942}") = "최대값최소값", "최대값최소값\최대값최소값.vcxproj", "{C69AA566-B7FC-4A3A-ADA0-DDBAAD6067EB}"
EndProject
Project("{8BC9CEB8-8B4A-11D0-8D11-00A0C91BC942}") = "11_02_알고리즘_최빈값(MODE)", "알고리즘_최빈값(MODE)\알고리즘_최빈값(MODE).vcxproj", "{3417A444-4094-4AAB-B29E-BC5E71AAFDFC}"
EndProject
Project("{8BC9CEB8-8B4A-11D0-8D11-00A0C91BC942}") = "04_01_MaxAlgorithm", "MaxAlgorithm\MaxAlgorithm.vcxproj", "{FC92B05B-226E-4E2D-B395-C447DABC37B6}"
EndProject
Project("{8BC9CEB8-8B4A-11D0-8D11-00A0C91BC942}") = "05_01_MinAlgorithm", "MinAlgorithm\MinAlgorithm.vcxproj", "{3E3EE1D0-4E47-4AC0-A0B9-75FAA5CC38FC}"
EndProject
Project("{8BC9CEB8-8B4A-11D0-8D11-00A0C91BC942}") = "알고리즘_가까운값(NEAR)", "알고리즘_가까운값(NEAR)\알고리즘_가까운값(NEAR).vcxproj", "{E21DF4FC-85A0-4D16-A29C-AC6C52A5B24A}"
EndProject
Project("{8BC9CEB8-8B4A-11D0-8D11-00A0C91BC942}") = "알고리즘_그룹(Group)", "알고리즘_그룹(Group)\알고리즘_그룹(Group).vcxproj", "{4E9B93FC-18D2-4D91-B76E-D0F3D20779CC}"
EndProject
Project("{8BC9CEB8-8B4A-11D0-8D11-00A0C91BC942}") = "01_02_배수의합_복습", "배수의합_복습\배수의합_복습.vcxproj", "{5013E836-57BE-4E64-9D88-3F43FFCE3C57}"
EndProject
Project("{8BC9CEB8-8B4A-11D0-8D11-00A0C91BC942}") = "01_03_범위에해당하는배수의합", "범위에해당하는배수의합\범위에해당하는배수의합.vcxproj", "{699022BA-DBA6-4DA2-96D0-683E5B460221}"
EndProject
Project("{8BC9CEB8-8B4A-11D0-8D11-00A0C91BC942}") = "04_02_포인터_최대값", "포인터_최대값\포인터_최대값.vcxproj", "{20939ACA-2E92-4FFA-8254-BDA0660B0D53}"
EndProject
Project("{8BC9CEB8-8B4A-11D0-8D11-00A0C91BC942}") = "06_02_가까운값(NEAR)", "가까운값(NEAR)\가까운값(NEAR).vcxproj", "{CD68EC9E-41B6-4508-8E13-4D86ABDE6AC5}"
EndProject
Project("{8BC9CEB8-8B4A-11D0-8D11-00A0C91BC942}") = "07_02_순위알고리즘", "순위알고리즘\순위알고리즘.vcxproj", "{83970882-713F-4B2C-8342-B7CD1FA35F68}"
EndProject
Project("{8BC9CEB8-8B4A-11D0-8D11-00A0C91BC942}") = "알고리즘_합계", "알고리즘_합계\알고리즘_합계.vcxproj", "{3A8E15B7-E2FC-4CA3-85D6-EFCE16DC961C}"
EndProject
Project("{8BC9CEB8-8B4A-11D0-8D11-00A0C91BC942}") = "03_02_알고리즘_합계카운트평균", "알고리즘_합계카운트평균\알고리즘_합계카운트평균.vcxproj", "{D72AA4D5-54F5-4C32-9512-86F7F71C94F5}"
EndProject
Project("{8BC9CEB8-8B4A-11D0-8D11-00A0C91BC942}") = "05_02_최댓값최솟값", "최댓값최솟값\최댓값최솟값.vcxproj", "{A40FDE5A-2C5F-46C6-BF6C-9B734BF4411B}"
EndProject
Project("{8BC9CEB8-8B4A-11D0-8D11-00A0C91BC942}") = "08_02_선택정렬알고리즘설명", "선택정렬알고리즘설명\선택정렬알고리즘설명.vcxproj", "{04CC5050-B192-49D9-A797-F0313096890F}"
EndProject
Project("{8BC9CEB8-8B4A-11D0-8D11-00A0C91BC942}") = "순차검색알고리즘설명", "순차검색알고리즘설명\순차검색알고리즘설명.vcxproj", "{E8066673-47B5-4986-B544-20818FCD739F}"
EndProject
Project("{8BC9CEB8-8B4A-11D0-8D11-00A0C91BC942}") = "알고리즘_건수", "알고리즘_건수\알고리즘_건수.vcxproj", "{449449BC-16BC-41D2-80EE-2050681A5C77}"
EndProject
Project("{8BC9CEB8-8B4A-11D0-8D11-00A0C91BC942}") = "알고리즘_반올림", "알고리즘_반올림\알고리즘_반올림.vcxproj", "{FF856085-2D60-40A2-8D4B-BE535A782CC9}"
EndProject
Project("{8BC9CEB8-8B4A-11D0-8D11-00A0C91BC942}") = "알고리즘_최대값", "알고리즘_최대값\알고리즘_최대값.vcxproj", "{10814793-F093-41E1-9EC6-C9454AA620BF}"
EndProject
Project("{8BC9CEB8-8B4A-11D0-8D11-00A0C91BC942}") = "알고리즘_최소값", "알고리즘_최소값\알고리즘_최소값.vcxproj", "{CB7A08D2-E1B0-4D65-A2AE-F6AA22887B3F}"
EndProject
Project("{8BC9CEB8-8B4A-11D0-8D11-00A0C91BC942}") = "알고리즘_평균", "알고리즘_평균\알고리즘_평균.vcxproj", "{7053ABBE-3A7A-4D97-974C-CA2801677CDD}"
EndProject
Project("{8BC9CEB8-8B4A-11D0-8D11-00A0C91BC942}") = "최빈값", "최빈값\최빈값.vcxproj", "{4400E6E4-458A-45E7-8D61-D70BA580C898}"
EndProject
Project("{8BC9CEB8-8B4A-11D0-8D11-00A0C91BC942}") = "알고리즘_축차탐색설명", "알고리즘_축차탐색설명\알고리즘_축차탐색설명.vcxproj", "{D63468B9-6860-440C-A706-7573DBAA4506}"
EndProject
Project("{8BC9CEB8-8B4A-11D0-8D11-00A0C91BC942}") = "알고리즘_병합설명", "알고리즘_병합설명\알고리즘_병합설명.vcxproj", "{91B9DFCB-CA86-4586-9AF6-6F3928FABC6D}"
EndProject
Project("{8BC9CEB8-8B4A-11D0-8D11-00A0C91BC942}") = "알고리즘_순위", "알고리즘_순위\알고리즘_순위.vcxproj", "{062031CA-C5D1-4717-9660-BDFCC8A661F0}"
EndProject
Project("{8BC9CEB8-8B4A-11D0-8D11-00A0C91BC942}") = "알고리즘_절대값", "알고리즘_절대값\알고리즘_절대값.vcxproj", "{909F90B8-E122-43CA-8FBA-BBBF95E4425F}"
EndProject
Project("{8BC9CEB8-8B4A-11D0-8D11-00A0C91BC942}") = "03_03_포인터_합계카운트평균", "포인터_합계카운트평균\포인터_합계카운트평균.vcxproj", "{769146BA-2715-4940-A996-1854F8EE096E}"
EndProject
Project("{8BC9CEB8-8B4A-11D0-8D11-00A0C91BC942}") = "기사문제풀이_1회_수열_1", "기사문제풀이_1회_수열_1\기사문제풀이_1회_수열_1.vcxproj", "{5C00BFAD-A374-4DFC-BDC1-94AE113C44AE}"
EndProject
Project("{8BC9CEB8-8B4A-11D0-8D11-00A0C91BC942}") = "기사문제풀이_1회_수열_2", "기사문제풀이_1회_수열_2\기사문제풀이_1회_수열_2.vcxproj", "{A2A21C98-1EF1-4BB3-ADA2-8236602E0BCA}"
EndProject
Project("{8BC9CEB8-8B4A-11D0-8D11-00A0C91BC942}") = "알고리즘_선택정렬", "알고리즘_선택정렬\알고리즘_선택정렬.vcxproj", "{FD988D6E-31B5-4318-BCEC-D8A833E352DF}"
EndProject
Project("{8BC9CEB8-8B4A-11D0-8D11-00A0C91BC942}") = "알고리즘_수열(Sequence)", "알고리즘_수열(Sequence)\알고리즘_수열(Sequence).vcxproj", "{75EE5071-E959-4A70-907C-10F7A28051BD}"
EndProject
Project("{8BC9CEB8-8B4A-11D0-8D11-00A0C91BC942}") = "알고리즘_순위(RANK)", "알고리즘_순위(RANK)\알고리즘_순위(RANK).vcxproj", "{7031C21A-30D1-4F96-9026-C6141A4D4E71}"
EndProject
Project("{8BC9CEB8-8B4A-11D0-8D11-00A0C91BC942}") = "알고리즘_순차검색(SEARCH)", "알고리즘_순차검색(SEARCH)\알고리즘_순차검색(SEARCH).vcxproj", "{24596A14-3BB7-45BF-A7AA-7185517003F9}"
EndProject
Project("{8BC9CEB8-8B4A-11D0-8D11-00A0C91BC942}") = "알고리즘_스위치사용버블정렬", "알고리즘_스위치사용버블정렬\알고리즘_스위치사용버블정렬.vcxproj", "{339E2649-1BD3-496B-83D6-C745488B0ADF}"
EndProject
Project("{8BC9CEB8-8B4A-11D0-8D11-00A0C91BC942}") = "알고리즘_이분탐색", "알고리즘_이분탐색\알고리즘_이분탐색.vcxproj", "{5AD9C271-8E38-4E82-9B9F-719A915EC143}"
EndProject
Project("{8BC9CEB8-8B4A-11D0-8D11-00A0C91BC942}") = "알고리즘_축차탐색", "알고리즘_축차탐색\알고리즘_축차탐색.vcxproj", "{818D98C1-B502-424E-9BBA-FA69AA835BF7}"
EndProject
Project("{8BC9CEB8-8B4A-11D0-8D11-00A0C91BC942}") = "06_01_NearAlgorithm", "NearAlgorithm\NearAlgorithm.vcxproj", "{C2E8F94B-9670-417E-90DF-99EC705D485A}"
EndProject
Project("{8BC9CEB8-8B4A-11D0-8D11-00A0C91BC942}") = "07_01_RankAlgorithm", "RankAlgorithm\RankAlgorithm.vcxproj", "{0B93D17F-3E12-4B9E-A133-ACD8343C515F}"
EndProject
Project("{8BC9CEB8-8B4A-11D0-8D11-00A0C91BC942}") = "08_01_SortAlgorithm", "SortAlgorithm\SortAlgorithm.vcxproj", "{BE9E9F67-5A68-4A32-98A4-AD805E3EF752}"
EndProject
Project("{2150E333-8FDC-42A3-9474-1A3956D46DE8}") = "99_Temp", "99_Temp", "{11567A53-4899-4A87-8EA1-1A80FA052DAC}"
EndProject
Project("{8BC9CEB8-8B4A-11D0-8D11-00A0C91BC942}") = "GroupAlgorithmTest", "GroupAlgorithmTest\GroupAlgorithmTest.vcxproj", "{D938665B-ED60-4085-9321-D1D0C809916A}"
EndProject
Project("{8BC9CEB8-8B4A-11D0-8D11-00A0C91BC942}") = "BooleanDemo", "BooleanDemo\BooleanDemo.vcxproj", "{3235D8C8-3376-4804-B998-B092B758088F}"
EndProject
Project("{8BC9CEB8-8B4A-11D0-8D11-00A0C91BC942}") = "09_01_SearchAlgorithm", "SearchAlgorithm\SearchAlgorithm.vcxproj", "{35EAC18F-0C03-44AB-AE12-D48A0B10C2B5}"
EndProject
Project("{8BC9CEB8-8B4A-11D0-8D11-00A0C91BC942}") = "10_01_MergeAlgorithm", "MergeAlgorithm\MergeAlgorithm.vcxproj", "{6F9AA2E7-B2B5-4A4A-B9A3-C77E761EFE1B}"
EndProject
Project("{8BC9CEB8-8B4A-11D0-8D11-00A0C91BC942}") = "11_01_ModeAlgorithm", "ModeAlgorithm\ModeAlgorithm.vcxproj", "{14E0E37D-E563-47E5-A0A0-AFD579AE629A}"
EndProject
Project("{8BC9CEB8-8B4A-11D0-8D11-00A0C91BC942}") = "GroupAlgorithm", "GroupAlgorithm\GroupAlgorithm.vcxproj", "{053CB36D-DA03-4FFD-91A5-DA8F99BD7FF4}"
EndProject
Global
	GlobalSection(SolutionConfigurationPlatforms) = preSolution
		Debug|x64 = Debug|x64
		Debug|x86 = Debug|x86
		Release|x64 = Release|x64
		Release|x86 = Release|x86
	EndGlobalSection
	GlobalSection(ProjectConfigurationPlatforms) = postSolution
		{739F5BAE-AA27-406F-9A31-DB6D95A3D230}.Debug|x64.ActiveCfg = Debug|x64
		{739F5BAE-AA27-406F-9A31-DB6D95A3D230}.Debug|x64.Build.0 = Debug|x64
		{739F5BAE-AA27-406F-9A31-DB6D95A3D230}.Debug|x86.ActiveCfg = Debug|Win32
		{739F5BAE-AA27-406F-9A31-DB6D95A3D230}.Debug|x86.Build.0 = Debug|Win32
		{739F5BAE-AA27-406F-9A31-DB6D95A3D230}.Release|x64.ActiveCfg = Release|x64
		{739F5BAE-AA27-406F-9A31-DB6D95A3D230}.Release|x64.Build.0 = Release|x64
		{739F5BAE-AA27-406F-9A31-DB6D95A3D230}.Release|x86.ActiveCfg = Release|Win32
		{739F5BAE-AA27-406F-9A31-DB6D95A3D230}.Release|x86.Build.0 = Release|Win32
		{10C8471E-983B-403F-BA90-12857A73CF47}.Debug|x64.ActiveCfg = Debug|x64
		{10C8471E-983B-403F-BA90-12857A73CF47}.Debug|x64.Build.0 = Debug|x64
		{10C8471E-983B-403F-BA90-12857A73CF47}.Debug|x86.ActiveCfg = Debug|Win32
		{10C8471E-983B-403F-BA90-12857A73CF47}.Debug|x86.Build.0 = Debug|Win32
		{10C8471E-983B-403F-BA90-12857A73CF47}.Release|x64.ActiveCfg = Release|x64
		{10C8471E-983B-403F-BA90-12857A73CF47}.Release|x64.Build.0 = Release|x64
		{10C8471E-983B-403F-BA90-12857A73CF47}.Release|x86.ActiveCfg = Release|Win32
		{10C8471E-983B-403F-BA90-12857A73CF47}.Release|x86.Build.0 = Release|Win32
		{7071BF9A-6B69-4F76-B80C-343B941FF887}.Debug|x64.ActiveCfg = Debug|x64
		{7071BF9A-6B69-4F76-B80C-343B941FF887}.Debug|x64.Build.0 = Debug|x64
		{7071BF9A-6B69-4F76-B80C-343B941FF887}.Debug|x86.ActiveCfg = Debug|Win32
		{7071BF9A-6B69-4F76-B80C-343B941FF887}.Debug|x86.Build.0 = Debug|Win32
		{7071BF9A-6B69-4F76-B80C-343B941FF887}.Release|x64.ActiveCfg = Release|x64
		{7071BF9A-6B69-4F76-B80C-343B941FF887}.Release|x64.Build.0 = Release|x64
		{7071BF9A-6B69-4F76-B80C-343B941FF887}.Release|x86.ActiveCfg = Release|Win32
		{7071BF9A-6B69-4F76-B80C-343B941FF887}.Release|x86.Build.0 = Release|Win32
		{F4999B09-1F08-4B1F-8BCB-3C7B4C173E3A}.Debug|x64.ActiveCfg = Debug|x64
		{F4999B09-1F08-4B1F-8BCB-3C7B4C173E3A}.Debug|x64.Build.0 = Debug|x64
		{F4999B09-1F08-4B1F-8BCB-3C7B4C173E3A}.Debug|x86.ActiveCfg = Debug|Win32
		{F4999B09-1F08-4B1F-8BCB-3C7B4C173E3A}.Debug|x86.Build.0 = Debug|Win32
		{F4999B09-1F08-4B1F-8BCB-3C7B4C173E3A}.Release|x64.ActiveCfg = Release|x64
		{F4999B09-1F08-4B1F-8BCB-3C7B4C173E3A}.Release|x64.Build.0 = Release|x64
		{F4999B09-1F08-4B1F-8BCB-3C7B4C173E3A}.Release|x86.ActiveCfg = Release|Win32
		{F4999B09-1F08-4B1F-8BCB-3C7B4C173E3A}.Release|x86.Build.0 = Release|Win32
		{328FC44F-3FF8-4276-BFE1-09E862F82247}.Debug|x64.ActiveCfg = Debug|x64
		{328FC44F-3FF8-4276-BFE1-09E862F82247}.Debug|x64.Build.0 = Debug|x64
		{328FC44F-3FF8-4276-BFE1-09E862F82247}.Debug|x86.ActiveCfg = Debug|Win32
		{328FC44F-3FF8-4276-BFE1-09E862F82247}.Debug|x86.Build.0 = Debug|Win32
		{328FC44F-3FF8-4276-BFE1-09E862F82247}.Release|x64.ActiveCfg = Release|x64
		{328FC44F-3FF8-4276-BFE1-09E862F82247}.Release|x64.Build.0 = Release|x64
		{328FC44F-3FF8-4276-BFE1-09E862F82247}.Release|x86.ActiveCfg = Release|Win32
		{328FC44F-3FF8-4276-BFE1-09E862F82247}.Release|x86.Build.0 = Release|Win32
		{330635B4-2026-4064-BB73-9F673F920961}.Debug|x64.ActiveCfg = Debug|x64
		{330635B4-2026-4064-BB73-9F673F920961}.Debug|x64.Build.0 = Debug|x64
		{330635B4-2026-4064-BB73-9F673F920961}.Debug|x86.ActiveCfg = Debug|Win32
		{330635B4-2026-4064-BB73-9F673F920961}.Debug|x86.Build.0 = Debug|Win32
		{330635B4-2026-4064-BB73-9F673F920961}.Release|x64.ActiveCfg = Release|x64
		{330635B4-2026-4064-BB73-9F673F920961}.Release|x64.Build.0 = Release|x64
		{330635B4-2026-4064-BB73-9F673F920961}.Release|x86.ActiveCfg = Release|Win32
		{330635B4-2026-4064-BB73-9F673F920961}.Release|x86.Build.0 = Release|Win32
		{D984DD9D-376F-423B-AFEB-A0A7F2B75F0E}.Debug|x64.ActiveCfg = Debug|x64
		{D984DD9D-376F-423B-AFEB-A0A7F2B75F0E}.Debug|x64.Build.0 = Debug|x64
		{D984DD9D-376F-423B-AFEB-A0A7F2B75F0E}.Debug|x86.ActiveCfg = Debug|Win32
		{D984DD9D-376F-423B-AFEB-A0A7F2B75F0E}.Debug|x86.Build.0 = Debug|Win32
		{D984DD9D-376F-423B-AFEB-A0A7F2B75F0E}.Release|x64.ActiveCfg = Release|x64
		{D984DD9D-376F-423B-AFEB-A0A7F2B75F0E}.Release|x64.Build.0 = Release|x64
		{D984DD9D-376F-423B-AFEB-A0A7F2B75F0E}.Release|x86.ActiveCfg = Release|Win32
		{D984DD9D-376F-423B-AFEB-A0A7F2B75F0E}.Release|x86.Build.0 = Release|Win32
		{ADB4575E-CAAB-4F59-82CA-D7DF0840BEDC}.Debug|x64.ActiveCfg = Debug|x64
		{ADB4575E-CAAB-4F59-82CA-D7DF0840BEDC}.Debug|x64.Build.0 = Debug|x64
		{ADB4575E-CAAB-4F59-82CA-D7DF0840BEDC}.Debug|x86.ActiveCfg = Debug|Win32
		{ADB4575E-CAAB-4F59-82CA-D7DF0840BEDC}.Debug|x86.Build.0 = Debug|Win32
		{ADB4575E-CAAB-4F59-82CA-D7DF0840BEDC}.Release|x64.ActiveCfg = Release|x64
		{ADB4575E-CAAB-4F59-82CA-D7DF0840BEDC}.Release|x64.Build.0 = Release|x64
		{ADB4575E-CAAB-4F59-82CA-D7DF0840BEDC}.Release|x86.ActiveCfg = Release|Win32
		{ADB4575E-CAAB-4F59-82CA-D7DF0840BEDC}.Release|x86.Build.0 = Release|Win32
		{E1F9B026-9244-4A40-8BB9-4968F229C371}.Debug|x64.ActiveCfg = Debug|x64
		{E1F9B026-9244-4A40-8BB9-4968F229C371}.Debug|x64.Build.0 = Debug|x64
		{E1F9B026-9244-4A40-8BB9-4968F229C371}.Debug|x86.ActiveCfg = Debug|Win32
		{E1F9B026-9244-4A40-8BB9-4968F229C371}.Debug|x86.Build.0 = Debug|Win32
		{E1F9B026-9244-4A40-8BB9-4968F229C371}.Release|x64.ActiveCfg = Release|x64
		{E1F9B026-9244-4A40-8BB9-4968F229C371}.Release|x64.Build.0 = Release|x64
		{E1F9B026-9244-4A40-8BB9-4968F229C371}.Release|x86.ActiveCfg = Release|Win32
		{E1F9B026-9244-4A40-8BB9-4968F229C371}.Release|x86.Build.0 = Release|Win32
		{2B9FAAFB-3D32-477E-938B-E142099189D1}.Debug|x64.ActiveCfg = Debug|x64
		{2B9FAAFB-3D32-477E-938B-E142099189D1}.Debug|x64.Build.0 = Debug|x64
		{2B9FAAFB-3D32-477E-938B-E142099189D1}.Debug|x86.ActiveCfg = Debug|Win32
		{2B9FAAFB-3D32-477E-938B-E142099189D1}.Debug|x86.Build.0 = Debug|Win32
		{2B9FAAFB-3D32-477E-938B-E142099189D1}.Release|x64.ActiveCfg = Release|x64
		{2B9FAAFB-3D32-477E-938B-E142099189D1}.Release|x64.Build.0 = Release|x64
		{2B9FAAFB-3D32-477E-938B-E142099189D1}.Release|x86.ActiveCfg = Release|Win32
		{2B9FAAFB-3D32-477E-938B-E142099189D1}.Release|x86.Build.0 = Release|Win32
		{6674126B-ED0D-45C0-8FFA-F356E6EE1F9D}.Debug|x64.ActiveCfg = Debug|x64
		{6674126B-ED0D-45C0-8FFA-F356E6EE1F9D}.Debug|x64.Build.0 = Debug|x64
		{6674126B-ED0D-45C0-8FFA-F356E6EE1F9D}.Debug|x86.ActiveCfg = Debug|Win32
		{6674126B-ED0D-45C0-8FFA-F356E6EE1F9D}.Debug|x86.Build.0 = Debug|Win32
		{6674126B-ED0D-45C0-8FFA-F356E6EE1F9D}.Release|x64.ActiveCfg = Release|x64
		{6674126B-ED0D-45C0-8FFA-F356E6EE1F9D}.Release|x64.Build.0 = Release|x64
		{6674126B-ED0D-45C0-8FFA-F356E6EE1F9D}.Release|x86.ActiveCfg = Release|Win32
		{6674126B-ED0D-45C0-8FFA-F356E6EE1F9D}.Release|x86.Build.0 = Release|Win32
		{82751D41-C499-40BE-A411-FA15BFB603D3}.Debug|x64.ActiveCfg = Debug|x64
		{82751D41-C499-40BE-A411-FA15BFB603D3}.Debug|x64.Build.0 = Debug|x64
		{82751D41-C499-40BE-A411-FA15BFB603D3}.Debug|x86.ActiveCfg = Debug|Win32
		{82751D41-C499-40BE-A411-FA15BFB603D3}.Debug|x86.Build.0 = Debug|Win32
		{82751D41-C499-40BE-A411-FA15BFB603D3}.Release|x64.ActiveCfg = Release|x64
		{82751D41-C499-40BE-A411-FA15BFB603D3}.Release|x64.Build.0 = Release|x64
		{82751D41-C499-40BE-A411-FA15BFB603D3}.Release|x86.ActiveCfg = Release|Win32
		{82751D41-C499-40BE-A411-FA15BFB603D3}.Release|x86.Build.0 = Release|Win32
		{A12ADE59-AC42-4CB6-9C9D-053F351D469B}.Debug|x64.ActiveCfg = Debug|x64
		{A12ADE59-AC42-4CB6-9C9D-053F351D469B}.Debug|x64.Build.0 = Debug|x64
		{A12ADE59-AC42-4CB6-9C9D-053F351D469B}.Debug|x86.ActiveCfg = Debug|Win32
		{A12ADE59-AC42-4CB6-9C9D-053F351D469B}.Debug|x86.Build.0 = Debug|Win32
		{A12ADE59-AC42-4CB6-9C9D-053F351D469B}.Release|x64.ActiveCfg = Release|x64
		{A12ADE59-AC42-4CB6-9C9D-053F351D469B}.Release|x64.Build.0 = Release|x64
		{A12ADE59-AC42-4CB6-9C9D-053F351D469B}.Release|x86.ActiveCfg = Release|Win32
		{A12ADE59-AC42-4CB6-9C9D-053F351D469B}.Release|x86.Build.0 = Release|Win32
		{E496ABBF-6992-41CA-B918-87EC93177946}.Debug|x64.ActiveCfg = Debug|x64
		{E496ABBF-6992-41CA-B918-87EC93177946}.Debug|x64.Build.0 = Debug|x64
		{E496ABBF-6992-41CA-B918-87EC93177946}.Debug|x86.ActiveCfg = Debug|Win32
		{E496ABBF-6992-41CA-B918-87EC93177946}.Debug|x86.Build.0 = Debug|Win32
		{E496ABBF-6992-41CA-B918-87EC93177946}.Release|x64.ActiveCfg = Release|x64
		{E496ABBF-6992-41CA-B918-87EC93177946}.Release|x64.Build.0 = Release|x64
		{E496ABBF-6992-41CA-B918-87EC93177946}.Release|x86.ActiveCfg = Release|Win32
		{E496ABBF-6992-41CA-B918-87EC93177946}.Release|x86.Build.0 = Release|Win32
		{9D629D64-594C-4FDA-8578-5C95EC5BACBA}.Debug|x64.ActiveCfg = Debug|x64
		{9D629D64-594C-4FDA-8578-5C95EC5BACBA}.Debug|x64.Build.0 = Debug|x64
		{9D629D64-594C-4FDA-8578-5C95EC5BACBA}.Debug|x86.ActiveCfg = Debug|Win32
		{9D629D64-594C-4FDA-8578-5C95EC5BACBA}.Debug|x86.Build.0 = Debug|Win32
		{9D629D64-594C-4FDA-8578-5C95EC5BACBA}.Release|x64.ActiveCfg = Release|x64
		{9D629D64-594C-4FDA-8578-5C95EC5BACBA}.Release|x64.Build.0 = Release|x64
		{9D629D64-594C-4FDA-8578-5C95EC5BACBA}.Release|x86.ActiveCfg = Release|Win32
		{9D629D64-594C-4FDA-8578-5C95EC5BACBA}.Release|x86.Build.0 = Release|Win32
		{2FA2C260-3923-4102-B033-31E452C572F6}.Debug|x64.ActiveCfg = Debug|x64
		{2FA2C260-3923-4102-B033-31E452C572F6}.Debug|x64.Build.0 = Debug|x64
		{2FA2C260-3923-4102-B033-31E452C572F6}.Debug|x86.ActiveCfg = Debug|Win32
		{2FA2C260-3923-4102-B033-31E452C572F6}.Debug|x86.Build.0 = Debug|Win32
		{2FA2C260-3923-4102-B033-31E452C572F6}.Release|x64.ActiveCfg = Release|x64
		{2FA2C260-3923-4102-B033-31E452C572F6}.Release|x64.Build.0 = Release|x64
		{2FA2C260-3923-4102-B033-31E452C572F6}.Release|x86.ActiveCfg = Release|Win32
		{2FA2C260-3923-4102-B033-31E452C572F6}.Release|x86.Build.0 = Release|Win32
		{D374C845-BA79-458D-B5B5-C6B062A94450}.Debug|x64.ActiveCfg = Debug|x64
		{D374C845-BA79-458D-B5B5-C6B062A94450}.Debug|x64.Build.0 = Debug|x64
		{D374C845-BA79-458D-B5B5-C6B062A94450}.Debug|x86.ActiveCfg = Debug|Win32
		{D374C845-BA79-458D-B5B5-C6B062A94450}.Debug|x86.Build.0 = Debug|Win32
		{D374C845-BA79-458D-B5B5-C6B062A94450}.Release|x64.ActiveCfg = Release|x64
		{D374C845-BA79-458D-B5B5-C6B062A94450}.Release|x64.Build.0 = Release|x64
		{D374C845-BA79-458D-B5B5-C6B062A94450}.Release|x86.ActiveCfg = Release|Win32
		{D374C845-BA79-458D-B5B5-C6B062A94450}.Release|x86.Build.0 = Release|Win32
		{0E680BA7-5785-4FF8-9751-C5F7EE83C337}.Debug|x64.ActiveCfg = Debug|x64
		{0E680BA7-5785-4FF8-9751-C5F7EE83C337}.Debug|x64.Build.0 = Debug|x64
		{0E680BA7-5785-4FF8-9751-C5F7EE83C337}.Debug|x86.ActiveCfg = Debug|Win32
		{0E680BA7-5785-4FF8-9751-C5F7EE83C337}.Debug|x86.Build.0 = Debug|Win32
		{0E680BA7-5785-4FF8-9751-C5F7EE83C337}.Release|x64.ActiveCfg = Release|x64
		{0E680BA7-5785-4FF8-9751-C5F7EE83C337}.Release|x64.Build.0 = Release|x64
		{0E680BA7-5785-4FF8-9751-C5F7EE83C337}.Release|x86.ActiveCfg = Release|Win32
		{0E680BA7-5785-4FF8-9751-C5F7EE83C337}.Release|x86.Build.0 = Release|Win32
		{54FC6D03-4683-4E95-83D5-2C5F2E73D526}.Debug|x64.ActiveCfg = Debug|x64
		{54FC6D03-4683-4E95-83D5-2C5F2E73D526}.Debug|x64.Build.0 = Debug|x64
		{54FC6D03-4683-4E95-83D5-2C5F2E73D526}.Debug|x86.ActiveCfg = Debug|Win32
		{54FC6D03-4683-4E95-83D5-2C5F2E73D526}.Debug|x86.Build.0 = Debug|Win32
		{54FC6D03-4683-4E95-83D5-2C5F2E73D526}.Release|x64.ActiveCfg = Release|x64
		{54FC6D03-4683-4E95-83D5-2C5F2E73D526}.Release|x64.Build.0 = Release|x64
		{54FC6D03-4683-4E95-83D5-2C5F2E73D526}.Release|x86.ActiveCfg = Release|Win32
		{54FC6D03-4683-4E95-83D5-2C5F2E73D526}.Release|x86.Build.0 = Release|Win32
		{C69AA566-B7FC-4A3A-ADA0-DDBAAD6067EB}.Debug|x64.ActiveCfg = Debug|x64
		{C69AA566-B7FC-4A3A-ADA0-DDBAAD6067EB}.Debug|x64.Build.0 = Debug|x64
		{C69AA566-B7FC-4A3A-ADA0-DDBAAD6067EB}.Debug|x86.ActiveCfg = Debug|Win32
		{C69AA566-B7FC-4A3A-ADA0-DDBAAD6067EB}.Debug|x86.Build.0 = Debug|Win32
		{C69AA566-B7FC-4A3A-ADA0-DDBAAD6067EB}.Release|x64.ActiveCfg = Release|x64
		{C69AA566-B7FC-4A3A-ADA0-DDBAAD6067EB}.Release|x64.Build.0 = Release|x64
		{C69AA566-B7FC-4A3A-ADA0-DDBAAD6067EB}.Release|x86.ActiveCfg = Release|Win32
		{C69AA566-B7FC-4A3A-ADA0-DDBAAD6067EB}.Release|x86.Build.0 = Release|Win32
		{3417A444-4094-4AAB-B29E-BC5E71AAFDFC}.Debug|x64.ActiveCfg = Debug|x64
		{3417A444-4094-4AAB-B29E-BC5E71AAFDFC}.Debug|x64.Build.0 = Debug|x64
		{3417A444-4094-4AAB-B29E-BC5E71AAFDFC}.Debug|x86.ActiveCfg = Debug|Win32
		{3417A444-4094-4AAB-B29E-BC5E71AAFDFC}.Debug|x86.Build.0 = Debug|Win32
		{3417A444-4094-4AAB-B29E-BC5E71AAFDFC}.Release|x64.ActiveCfg = Release|x64
		{3417A444-4094-4AAB-B29E-BC5E71AAFDFC}.Release|x64.Build.0 = Release|x64
		{3417A444-4094-4AAB-B29E-BC5E71AAFDFC}.Release|x86.ActiveCfg = Release|Win32
		{3417A444-4094-4AAB-B29E-BC5E71AAFDFC}.Release|x86.Build.0 = Release|Win32
		{FC92B05B-226E-4E2D-B395-C447DABC37B6}.Debug|x64.ActiveCfg = Debug|x64
		{FC92B05B-226E-4E2D-B395-C447DABC37B6}.Debug|x64.Build.0 = Debug|x64
		{FC92B05B-226E-4E2D-B395-C447DABC37B6}.Debug|x86.ActiveCfg = Debug|Win32
		{FC92B05B-226E-4E2D-B395-C447DABC37B6}.Debug|x86.Build.0 = Debug|Win32
		{FC92B05B-226E-4E2D-B395-C447DABC37B6}.Release|x64.ActiveCfg = Release|x64
		{FC92B05B-226E-4E2D-B395-C447DABC37B6}.Release|x64.Build.0 = Release|x64
		{FC92B05B-226E-4E2D-B395-C447DABC37B6}.Release|x86.ActiveCfg = Release|Win32
		{FC92B05B-226E-4E2D-B395-C447DABC37B6}.Release|x86.Build.0 = Release|Win32
		{3E3EE1D0-4E47-4AC0-A0B9-75FAA5CC38FC}.Debug|x64.ActiveCfg = Debug|x64
		{3E3EE1D0-4E47-4AC0-A0B9-75FAA5CC38FC}.Debug|x64.Build.0 = Debug|x64
		{3E3EE1D0-4E47-4AC0-A0B9-75FAA5CC38FC}.Debug|x86.ActiveCfg = Debug|Win32
		{3E3EE1D0-4E47-4AC0-A0B9-75FAA5CC38FC}.Debug|x86.Build.0 = Debug|Win32
		{3E3EE1D0-4E47-4AC0-A0B9-75FAA5CC38FC}.Release|x64.ActiveCfg = Release|x64
		{3E3EE1D0-4E47-4AC0-A0B9-75FAA5CC38FC}.Release|x64.Build.0 = Release|x64
		{3E3EE1D0-4E47-4AC0-A0B9-75FAA5CC38FC}.Release|x86.ActiveCfg = Release|Win32
		{3E3EE1D0-4E47-4AC0-A0B9-75FAA5CC38FC}.Release|x86.Build.0 = Release|Win32
		{E21DF4FC-85A0-4D16-A29C-AC6C52A5B24A}.Debug|x64.ActiveCfg = Debug|x64
		{E21DF4FC-85A0-4D16-A29C-AC6C52A5B24A}.Debug|x64.Build.0 = Debug|x64
		{E21DF4FC-85A0-4D16-A29C-AC6C52A5B24A}.Debug|x86.ActiveCfg = Debug|Win32
		{E21DF4FC-85A0-4D16-A29C-AC6C52A5B24A}.Debug|x86.Build.0 = Debug|Win32
		{E21DF4FC-85A0-4D16-A29C-AC6C52A5B24A}.Release|x64.ActiveCfg = Release|x64
		{E21DF4FC-85A0-4D16-A29C-AC6C52A5B24A}.Release|x64.Build.0 = Release|x64
		{E21DF4FC-85A0-4D16-A29C-AC6C52A5B24A}.Release|x86.ActiveCfg = Release|Win32
		{E21DF4FC-85A0-4D16-A29C-AC6C52A5B24A}.Release|x86.Build.0 = Release|Win32
		{4E9B93FC-18D2-4D91-B76E-D0F3D20779CC}.Debug|x64.ActiveCfg = Debug|x64
		{4E9B93FC-18D2-4D91-B76E-D0F3D20779CC}.Debug|x64.Build.0 = Debug|x64
		{4E9B93FC-18D2-4D91-B76E-D0F3D20779CC}.Debug|x86.ActiveCfg = Debug|Win32
		{4E9B93FC-18D2-4D91-B76E-D0F3D20779CC}.Debug|x86.Build.0 = Debug|Win32
		{4E9B93FC-18D2-4D91-B76E-D0F3D20779CC}.Release|x64.ActiveCfg = Release|x64
		{4E9B93FC-18D2-4D91-B76E-D0F3D20779CC}.Release|x64.Build.0 = Release|x64
		{4E9B93FC-18D2-4D91-B76E-D0F3D20779CC}.Release|x86.ActiveCfg = Release|Win32
		{4E9B93FC-18D2-4D91-B76E-D0F3D20779CC}.Release|x86.Build.0 = Release|Win32
		{5013E836-57BE-4E64-9D88-3F43FFCE3C57}.Debug|x64.ActiveCfg = Debug|x64
		{5013E836-57BE-4E64-9D88-3F43FFCE3C57}.Debug|x64.Build.0 = Debug|x64
		{5013E836-57BE-4E64-9D88-3F43FFCE3C57}.Debug|x86.ActiveCfg = Debug|Win32
		{5013E836-57BE-4E64-9D88-3F43FFCE3C57}.Debug|x86.Build.0 = Debug|Win32
		{5013E836-57BE-4E64-9D88-3F43FFCE3C57}.Release|x64.ActiveCfg = Release|x64
		{5013E836-57BE-4E64-9D88-3F43FFCE3C57}.Release|x64.Build.0 = Release|x64
		{5013E836-57BE-4E64-9D88-3F43FFCE3C57}.Release|x86.ActiveCfg = Release|Win32
		{5013E836-57BE-4E64-9D88-3F43FFCE3C57}.Release|x86.Build.0 = Release|Win32
		{699022BA-DBA6-4DA2-96D0-683E5B460221}.Debug|x64.ActiveCfg = Debug|x64
		{699022BA-DBA6-4DA2-96D0-683E5B460221}.Debug|x64.Build.0 = Debug|x64
		{699022BA-DBA6-4DA2-96D0-683E5B460221}.Debug|x86.ActiveCfg = Debug|Win32
		{699022BA-DBA6-4DA2-96D0-683E5B460221}.Debug|x86.Build.0 = Debug|Win32
		{699022BA-DBA6-4DA2-96D0-683E5B460221}.Release|x64.ActiveCfg = Release|x64
		{699022BA-DBA6-4DA2-96D0-683E5B460221}.Release|x64.Build.0 = Release|x64
		{699022BA-DBA6-4DA2-96D0-683E5B460221}.Release|x86.ActiveCfg = Release|Win32
		{699022BA-DBA6-4DA2-96D0-683E5B460221}.Release|x86.Build.0 = Release|Win32
		{20939ACA-2E92-4FFA-8254-BDA0660B0D53}.Debug|x64.ActiveCfg = Debug|x64
		{20939ACA-2E92-4FFA-8254-BDA0660B0D53}.Debug|x64.Build.0 = Debug|x64
		{20939ACA-2E92-4FFA-8254-BDA0660B0D53}.Debug|x86.ActiveCfg = Debug|Win32
		{20939ACA-2E92-4FFA-8254-BDA0660B0D53}.Debug|x86.Build.0 = Debug|Win32
		{20939ACA-2E92-4FFA-8254-BDA0660B0D53}.Release|x64.ActiveCfg = Release|x64
		{20939ACA-2E92-4FFA-8254-BDA0660B0D53}.Release|x64.Build.0 = Release|x64
		{20939ACA-2E92-4FFA-8254-BDA0660B0D53}.Release|x86.ActiveCfg = Release|Win32
		{20939ACA-2E92-4FFA-8254-BDA0660B0D53}.Release|x86.Build.0 = Release|Win32
		{CD68EC9E-41B6-4508-8E13-4D86ABDE6AC5}.Debug|x64.ActiveCfg = Debug|x64
		{CD68EC9E-41B6-4508-8E13-4D86ABDE6AC5}.Debug|x64.Build.0 = Debug|x64
		{CD68EC9E-41B6-4508-8E13-4D86ABDE6AC5}.Debug|x86.ActiveCfg = Debug|Win32
		{CD68EC9E-41B6-4508-8E13-4D86ABDE6AC5}.Debug|x86.Build.0 = Debug|Win32
		{CD68EC9E-41B6-4508-8E13-4D86ABDE6AC5}.Release|x64.ActiveCfg = Release|x64
		{CD68EC9E-41B6-4508-8E13-4D86ABDE6AC5}.Release|x64.Build.0 = Release|x64
		{CD68EC9E-41B6-4508-8E13-4D86ABDE6AC5}.Release|x86.ActiveCfg = Release|Win32
		{CD68EC9E-41B6-4508-8E13-4D86ABDE6AC5}.Release|x86.Build.0 = Release|Win32
		{83970882-713F-4B2C-8342-B7CD1FA35F68}.Debug|x64.ActiveCfg = Debug|x64
		{83970882-713F-4B2C-8342-B7CD1FA35F68}.Debug|x64.Build.0 = Debug|x64
		{83970882-713F-4B2C-8342-B7CD1FA35F68}.Debug|x86.ActiveCfg = Debug|Win32
		{83970882-713F-4B2C-8342-B7CD1FA35F68}.Debug|x86.Build.0 = Debug|Win32
		{83970882-713F-4B2C-8342-B7CD1FA35F68}.Release|x64.ActiveCfg = Release|x64
		{83970882-713F-4B2C-8342-B7CD1FA35F68}.Release|x64.Build.0 = Release|x64
		{83970882-713F-4B2C-8342-B7CD1FA35F68}.Release|x86.ActiveCfg = Release|Win32
		{83970882-713F-4B2C-8342-B7CD1FA35F68}.Release|x86.Build.0 = Release|Win32
		{3A8E15B7-E2FC-4CA3-85D6-EFCE16DC961C}.Debug|x64.ActiveCfg = Debug|x64
		{3A8E15B7-E2FC-4CA3-85D6-EFCE16DC961C}.Debug|x64.Build.0 = Debug|x64
		{3A8E15B7-E2FC-4CA3-85D6-EFCE16DC961C}.Debug|x86.ActiveCfg = Debug|Win32
		{3A8E15B7-E2FC-4CA3-85D6-EFCE16DC961C}.Debug|x86.Build.0 = Debug|Win32
		{3A8E15B7-E2FC-4CA3-85D6-EFCE16DC961C}.Release|x64.ActiveCfg = Release|x64
		{3A8E15B7-E2FC-4CA3-85D6-EFCE16DC961C}.Release|x64.Build.0 = Release|x64
		{3A8E15B7-E2FC-4CA3-85D6-EFCE16DC961C}.Release|x86.ActiveCfg = Release|Win32
		{3A8E15B7-E2FC-4CA3-85D6-EFCE16DC961C}.Release|x86.Build.0 = Release|Win32
		{D72AA4D5-54F5-4C32-9512-86F7F71C94F5}.Debug|x64.ActiveCfg = Debug|x64
		{D72AA4D5-54F5-4C32-9512-86F7F71C94F5}.Debug|x64.Build.0 = Debug|x64
		{D72AA4D5-54F5-4C32-9512-86F7F71C94F5}.Debug|x86.ActiveCfg = Debug|Win32
		{D72AA4D5-54F5-4C32-9512-86F7F71C94F5}.Debug|x86.Build.0 = Debug|Win32
		{D72AA4D5-54F5-4C32-9512-86F7F71C94F5}.Release|x64.ActiveCfg = Release|x64
		{D72AA4D5-54F5-4C32-9512-86F7F71C94F5}.Release|x64.Build.0 = Release|x64
		{D72AA4D5-54F5-4C32-9512-86F7F71C94F5}.Release|x86.ActiveCfg = Release|Win32
		{D72AA4D5-54F5-4C32-9512-86F7F71C94F5}.Release|x86.Build.0 = Release|Win32
		{A40FDE5A-2C5F-46C6-BF6C-9B734BF4411B}.Debug|x64.ActiveCfg = Debug|x64
		{A40FDE5A-2C5F-46C6-BF6C-9B734BF4411B}.Debug|x64.Build.0 = Debug|x64
		{A40FDE5A-2C5F-46C6-BF6C-9B734BF4411B}.Debug|x86.ActiveCfg = Debug|Win32
		{A40FDE5A-2C5F-46C6-BF6C-9B734BF4411B}.Debug|x86.Build.0 = Debug|Win32
		{A40FDE5A-2C5F-46C6-BF6C-9B734BF4411B}.Release|x64.ActiveCfg = Release|x64
		{A40FDE5A-2C5F-46C6-BF6C-9B734BF4411B}.Release|x64.Build.0 = Release|x64
		{A40FDE5A-2C5F-46C6-BF6C-9B734BF4411B}.Release|x86.ActiveCfg = Release|Win32
		{A40FDE5A-2C5F-46C6-BF6C-9B734BF4411B}.Release|x86.Build.0 = Release|Win32
		{04CC5050-B192-49D9-A797-F0313096890F}.Debug|x64.ActiveCfg = Debug|x64
		{04CC5050-B192-49D9-A797-F0313096890F}.Debug|x64.Build.0 = Debug|x64
		{04CC5050-B192-49D9-A797-F0313096890F}.Debug|x86.ActiveCfg = Debug|Win32
		{04CC5050-B192-49D9-A797-F0313096890F}.Debug|x86.Build.0 = Debug|Win32
		{04CC5050-B192-49D9-A797-F0313096890F}.Release|x64.ActiveCfg = Release|x64
		{04CC5050-B192-49D9-A797-F0313096890F}.Release|x64.Build.0 = Release|x64
		{04CC5050-B192-49D9-A797-F0313096890F}.Release|x86.ActiveCfg = Release|Win32
		{04CC5050-B192-49D9-A797-F0313096890F}.Release|x86.Build.0 = Release|Win32
		{E8066673-47B5-4986-B544-20818FCD739F}.Debug|x64.ActiveCfg = Debug|x64
		{E8066673-47B5-4986-B544-20818FCD739F}.Debug|x64.Build.0 = Debug|x64
		{E8066673-47B5-4986-B544-20818FCD739F}.Debug|x86.ActiveCfg = Debug|Win32
		{E8066673-47B5-4986-B544-20818FCD739F}.Debug|x86.Build.0 = Debug|Win32
		{E8066673-47B5-4986-B544-20818FCD739F}.Release|x64.ActiveCfg = Release|x64
		{E8066673-47B5-4986-B544-20818FCD739F}.Release|x64.Build.0 = Release|x64
		{E8066673-47B5-4986-B544-20818FCD739F}.Release|x86.ActiveCfg = Release|Win32
		{E8066673-47B5-4986-B544-20818FCD739F}.Release|x86.Build.0 = Release|Win32
		{449449BC-16BC-41D2-80EE-2050681A5C77}.Debug|x64.ActiveCfg = Debug|x64
		{449449BC-16BC-41D2-80EE-2050681A5C77}.Debug|x64.Build.0 = Debug|x64
		{449449BC-16BC-41D2-80EE-2050681A5C77}.Debug|x86.ActiveCfg = Debug|Win32
		{449449BC-16BC-41D2-80EE-2050681A5C77}.Debug|x86.Build.0 = Debug|Win32
		{449449BC-16BC-41D2-80EE-2050681A5C77}.Release|x64.ActiveCfg = Release|x64
		{449449BC-16BC-41D2-80EE-2050681A5C77}.Release|x64.Build.0 = Release|x64
		{449449BC-16BC-41D2-80EE-2050681A5C77}.Release|x86.ActiveCfg = Release|Win32
		{449449BC-16BC-41D2-80EE-2050681A5C77}.Release|x86.Build.0 = Release|Win32
		{FF856085-2D60-40A2-8D4B-BE535A782CC9}.Debug|x64.ActiveCfg = Debug|x64
		{FF856085-2D60-40A2-8D4B-BE535A782CC9}.Debug|x64.Build.0 = Debug|x64
		{FF856085-2D60-40A2-8D4B-BE535A782CC9}.Debug|x86.ActiveCfg = Debug|Win32
		{FF856085-2D60-40A2-8D4B-BE535A782CC9}.Debug|x86.Build.0 = Debug|Win32
		{FF856085-2D60-40A2-8D4B-BE535A782CC9}.Release|x64.ActiveCfg = Release|x64
		{FF856085-2D60-40A2-8D4B-BE535A782CC9}.Release|x64.Build.0 = Release|x64
		{FF856085-2D60-40A2-8D4B-BE535A782CC9}.Release|x86.ActiveCfg = Release|Win32
		{FF856085-2D60-40A2-8D4B-BE535A782CC9}.Release|x86.Build.0 = Release|Win32
		{10814793-F093-41E1-9EC6-C9454AA620BF}.Debug|x64.ActiveCfg = Debug|x64
		{10814793-F093-41E1-9EC6-C9454AA620BF}.Debug|x64.Build.0 = Debug|x64
		{10814793-F093-41E1-9EC6-C9454AA620BF}.Debug|x86.ActiveCfg = Debug|Win32
		{10814793-F093-41E1-9EC6-C9454AA620BF}.Debug|x86.Build.0 = Debug|Win32
		{10814793-F093-41E1-9EC6-C9454AA620BF}.Release|x64.ActiveCfg = Release|x64
		{10814793-F093-41E1-9EC6-C9454AA620BF}.Release|x64.Build.0 = Release|x64
		{10814793-F093-41E1-9EC6-C9454AA620BF}.Release|x86.ActiveCfg = Release|Win32
		{10814793-F093-41E1-9EC6-C9454AA620BF}.Release|x86.Build.0 = Release|Win32
		{CB7A08D2-E1B0-4D65-A2AE-F6AA22887B3F}.Debug|x64.ActiveCfg = Debug|x64
		{CB7A08D2-E1B0-4D65-A2AE-F6AA22887B3F}.Debug|x64.Build.0 = Debug|x64
		{CB7A08D2-E1B0-4D65-A2AE-F6AA22887B3F}.Debug|x86.ActiveCfg = Debug|Win32
		{CB7A08D2-E1B0-4D65-A2AE-F6AA22887B3F}.Debug|x86.Build.0 = Debug|Win32
		{CB7A08D2-E1B0-4D65-A2AE-F6AA22887B3F}.Release|x64.ActiveCfg = Release|x64
		{CB7A08D2-E1B0-4D65-A2AE-F6AA22887B3F}.Release|x64.Build.0 = Release|x64
		{CB7A08D2-E1B0-4D65-A2AE-F6AA22887B3F}.Release|x86.ActiveCfg = Release|Win32
		{CB7A08D2-E1B0-4D65-A2AE-F6AA22887B3F}.Release|x86.Build.0 = Release|Win32
		{7053ABBE-3A7A-4D97-974C-CA2801677CDD}.Debug|x64.ActiveCfg = Debug|x64
		{7053ABBE-3A7A-4D97-974C-CA2801677CDD}.Debug|x64.Build.0 = Debug|x64
		{7053ABBE-3A7A-4D97-974C-CA2801677CDD}.Debug|x86.ActiveCfg = Debug|Win32
		{7053ABBE-3A7A-4D97-974C-CA2801677CDD}.Debug|x86.Build.0 = Debug|Win32
		{7053ABBE-3A7A-4D97-974C-CA2801677CDD}.Release|x64.ActiveCfg = Release|x64
		{7053ABBE-3A7A-4D97-974C-CA2801677CDD}.Release|x64.Build.0 = Release|x64
		{7053ABBE-3A7A-4D97-974C-CA2801677CDD}.Release|x86.ActiveCfg = Release|Win32
		{7053ABBE-3A7A-4D97-974C-CA2801677CDD}.Release|x86.Build.0 = Release|Win32
		{4400E6E4-458A-45E7-8D61-D70BA580C898}.Debug|x64.ActiveCfg = Debug|x64
		{4400E6E4-458A-45E7-8D61-D70BA580C898}.Debug|x64.Build.0 = Debug|x64
		{4400E6E4-458A-45E7-8D61-D70BA580C898}.Debug|x86.ActiveCfg = Debug|Win32
		{4400E6E4-458A-45E7-8D61-D70BA580C898}.Debug|x86.Build.0 = Debug|Win32
		{4400E6E4-458A-45E7-8D61-D70BA580C898}.Release|x64.ActiveCfg = Release|x64
		{4400E6E4-458A-45E7-8D61-D70BA580C898}.Release|x64.Build.0 = Release|x64
		{4400E6E4-458A-45E7-8D61-D70BA580C898}.Release|x86.ActiveCfg = Release|Win32
		{4400E6E4-458A-45E7-8D61-D70BA580C898}.Release|x86.Build.0 = Release|Win32
		{D63468B9-6860-440C-A706-7573DBAA4506}.Debug|x64.ActiveCfg = Debug|x64
		{D63468B9-6860-440C-A706-7573DBAA4506}.Debug|x64.Build.0 = Debug|x64
		{D63468B9-6860-440C-A706-7573DBAA4506}.Debug|x86.ActiveCfg = Debug|Win32
		{D63468B9-6860-440C-A706-7573DBAA4506}.Debug|x86.Build.0 = Debug|Win32
		{D63468B9-6860-440C-A706-7573DBAA4506}.Release|x64.ActiveCfg = Release|x64
		{D63468B9-6860-440C-A706-7573DBAA4506}.Release|x64.Build.0 = Release|x64
		{D63468B9-6860-440C-A706-7573DBAA4506}.Release|x86.ActiveCfg = Release|Win32
		{D63468B9-6860-440C-A706-7573DBAA4506}.Release|x86.Build.0 = Release|Win32
		{91B9DFCB-CA86-4586-9AF6-6F3928FABC6D}.Debug|x64.ActiveCfg = Debug|x64
		{91B9DFCB-CA86-4586-9AF6-6F3928FABC6D}.Debug|x64.Build.0 = Debug|x64
		{91B9DFCB-CA86-4586-9AF6-6F3928FABC6D}.Debug|x86.ActiveCfg = Debug|Win32
		{91B9DFCB-CA86-4586-9AF6-6F3928FABC6D}.Debug|x86.Build.0 = Debug|Win32
		{91B9DFCB-CA86-4586-9AF6-6F3928FABC6D}.Release|x64.ActiveCfg = Release|x64
		{91B9DFCB-CA86-4586-9AF6-6F3928FABC6D}.Release|x64.Build.0 = Release|x64
		{91B9DFCB-CA86-4586-9AF6-6F3928FABC6D}.Release|x86.ActiveCfg = Release|Win32
		{91B9DFCB-CA86-4586-9AF6-6F3928FABC6D}.Release|x86.Build.0 = Release|Win32
		{062031CA-C5D1-4717-9660-BDFCC8A661F0}.Debug|x64.ActiveCfg = Debug|x64
		{062031CA-C5D1-4717-9660-BDFCC8A661F0}.Debug|x64.Build.0 = Debug|x64
		{062031CA-C5D1-4717-9660-BDFCC8A661F0}.Debug|x86.ActiveCfg = Debug|Win32
		{062031CA-C5D1-4717-9660-BDFCC8A661F0}.Debug|x86.Build.0 = Debug|Win32
		{062031CA-C5D1-4717-9660-BDFCC8A661F0}.Release|x64.ActiveCfg = Release|x64
		{062031CA-C5D1-4717-9660-BDFCC8A661F0}.Release|x64.Build.0 = Release|x64
		{062031CA-C5D1-4717-9660-BDFCC8A661F0}.Release|x86.ActiveCfg = Release|Win32
		{062031CA-C5D1-4717-9660-BDFCC8A661F0}.Release|x86.Build.0 = Release|Win32
		{909F90B8-E122-43CA-8FBA-BBBF95E4425F}.Debug|x64.ActiveCfg = Debug|x64
		{909F90B8-E122-43CA-8FBA-BBBF95E4425F}.Debug|x64.Build.0 = Debug|x64
		{909F90B8-E122-43CA-8FBA-BBBF95E4425F}.Debug|x86.ActiveCfg = Debug|Win32
		{909F90B8-E122-43CA-8FBA-BBBF95E4425F}.Debug|x86.Build.0 = Debug|Win32
		{909F90B8-E122-43CA-8FBA-BBBF95E4425F}.Release|x64.ActiveCfg = Release|x64
		{909F90B8-E122-43CA-8FBA-BBBF95E4425F}.Release|x64.Build.0 = Release|x64
		{909F90B8-E122-43CA-8FBA-BBBF95E4425F}.Release|x86.ActiveCfg = Release|Win32
		{909F90B8-E122-43CA-8FBA-BBBF95E4425F}.Release|x86.Build.0 = Release|Win32
		{769146BA-2715-4940-A996-1854F8EE096E}.Debug|x64.ActiveCfg = Debug|x64
		{769146BA-2715-4940-A996-1854F8EE096E}.Debug|x64.Build.0 = Debug|x64
		{769146BA-2715-4940-A996-1854F8EE096E}.Debug|x86.ActiveCfg = Debug|Win32
		{769146BA-2715-4940-A996-1854F8EE096E}.Debug|x86.Build.0 = Debug|Win32
		{769146BA-2715-4940-A996-1854F8EE096E}.Release|x64.ActiveCfg = Release|x64
		{769146BA-2715-4940-A996-1854F8EE096E}.Release|x64.Build.0 = Release|x64
		{769146BA-2715-4940-A996-1854F8EE096E}.Release|x86.ActiveCfg = Release|Win32
		{769146BA-2715-4940-A996-1854F8EE096E}.Release|x86.Build.0 = Release|Win32
		{5C00BFAD-A374-4DFC-BDC1-94AE113C44AE}.Debug|x64.ActiveCfg = Debug|x64
		{5C00BFAD-A374-4DFC-BDC1-94AE113C44AE}.Debug|x64.Build.0 = Debug|x64
		{5C00BFAD-A374-4DFC-BDC1-94AE113C44AE}.Debug|x86.ActiveCfg = Debug|Win32
		{5C00BFAD-A374-4DFC-BDC1-94AE113C44AE}.Debug|x86.Build.0 = Debug|Win32
		{5C00BFAD-A374-4DFC-BDC1-94AE113C44AE}.Release|x64.ActiveCfg = Release|x64
		{5C00BFAD-A374-4DFC-BDC1-94AE113C44AE}.Release|x64.Build.0 = Release|x64
		{5C00BFAD-A374-4DFC-BDC1-94AE113C44AE}.Release|x86.ActiveCfg = Release|Win32
		{5C00BFAD-A374-4DFC-BDC1-94AE113C44AE}.Release|x86.Build.0 = Release|Win32
		{A2A21C98-1EF1-4BB3-ADA2-8236602E0BCA}.Debug|x64.ActiveCfg = Debug|x64
		{A2A21C98-1EF1-4BB3-ADA2-8236602E0BCA}.Debug|x64.Build.0 = Debug|x64
		{A2A21C98-1EF1-4BB3-ADA2-8236602E0BCA}.Debug|x86.ActiveCfg = Debug|Win32
		{A2A21C98-1EF1-4BB3-ADA2-8236602E0BCA}.Debug|x86.Build.0 = Debug|Win32
		{A2A21C98-1EF1-4BB3-ADA2-8236602E0BCA}.Release|x64.ActiveCfg = Release|x64
		{A2A21C98-1EF1-4BB3-ADA2-8236602E0BCA}.Release|x64.Build.0 = Release|x64
		{A2A21C98-1EF1-4BB3-ADA2-8236602E0BCA}.Release|x86.ActiveCfg = Release|Win32
		{A2A21C98-1EF1-4BB3-ADA2-8236602E0BCA}.Release|x86.Build.0 = Release|Win32
		{FD988D6E-31B5-4318-BCEC-D8A833E352DF}.Debug|x64.ActiveCfg = Debug|x64
		{FD988D6E-31B5-4318-BCEC-D8A833E352DF}.Debug|x64.Build.0 = Debug|x64
		{FD988D6E-31B5-4318-BCEC-D8A833E352DF}.Debug|x86.ActiveCfg = Debug|Win32
		{FD988D6E-31B5-4318-BCEC-D8A833E352DF}.Debug|x86.Build.0 = Debug|Win32
		{FD988D6E-31B5-4318-BCEC-D8A833E352DF}.Release|x64.ActiveCfg = Release|x64
		{FD988D6E-31B5-4318-BCEC-D8A833E352DF}.Release|x64.Build.0 = Release|x64
		{FD988D6E-31B5-4318-BCEC-D8A833E352DF}.Release|x86.ActiveCfg = Release|Win32
		{FD988D6E-31B5-4318-BCEC-D8A833E352DF}.Release|x86.Build.0 = Release|Win32
		{75EE5071-E959-4A70-907C-10F7A28051BD}.Debug|x64.ActiveCfg = Debug|x64
		{75EE5071-E959-4A70-907C-10F7A28051BD}.Debug|x64.Build.0 = Debug|x64
		{75EE5071-E959-4A70-907C-10F7A28051BD}.Debug|x86.ActiveCfg = Debug|Win32
		{75EE5071-E959-4A70-907C-10F7A28051BD}.Debug|x86.Build.0 = Debug|Win32
		{75EE5071-E959-4A70-907C-10F7A28051BD}.Release|x64.ActiveCfg = Release|x64
		{75EE5071-E959-4A70-907C-10F7A28051BD}.Release|x64.Build.0 = Release|x64
		{75EE5071-E959-4A70-907C-10F7A28051BD}.Release|x86.ActiveCfg = Release|Win32
		{75EE5071-E959-4A70-907C-10F7A28051BD}.Release|x86.Build.0 = Release|Win32
		{7031C21A-30D1-4F96-9026-C6141A4D4E71}.Debug|x64.ActiveCfg = Debug|x64
		{7031C21A-30D1-4F96-9026-C6141A4D4E71}.Debug|x64.Build.0 = Debug|x64
		{7031C21A-30D1-4F96-9026-C6141A4D4E71}.Debug|x86.ActiveCfg = Debug|Win32
		{7031C21A-30D1-4F96-9026-C6141A4D4E71}.Debug|x86.Build.0 = Debug|Win32
		{7031C21A-30D1-4F96-9026-C6141A4D4E71}.Release|x64.ActiveCfg = Release|x64
		{7031C21A-30D1-4F96-9026-C6141A4D4E71}.Release|x64.Build.0 = Release|x64
		{7031C21A-30D1-4F96-9026-C6141A4D4E71}.Release|x86.ActiveCfg = Release|Win32
		{7031C21A-30D1-4F96-9026-C6141A4D4E71}.Release|x86.Build.0 = Release|Win32
		{24596A14-3BB7-45BF-A7AA-7185517003F9}.Debug|x64.ActiveCfg = Debug|x64
		{24596A14-3BB7-45BF-A7AA-7185517003F9}.Debug|x64.Build.0 = Debug|x64
		{24596A14-3BB7-45BF-A7AA-7185517003F9}.Debug|x86.ActiveCfg = Debug|Win32
		{24596A14-3BB7-45BF-A7AA-7185517003F9}.Debug|x86.Build.0 = Debug|Win32
		{24596A14-3BB7-45BF-A7AA-7185517003F9}.Release|x64.ActiveCfg = Release|x64
		{24596A14-3BB7-45BF-A7AA-7185517003F9}.Release|x64.Build.0 = Release|x64
		{24596A14-3BB7-45BF-A7AA-7185517003F9}.Release|x86.ActiveCfg = Release|Win32
		{24596A14-3BB7-45BF-A7AA-7185517003F9}.Release|x86.Build.0 = Release|Win32
		{339E2649-1BD3-496B-83D6-C745488B0ADF}.Debug|x64.ActiveCfg = Debug|x64
		{339E2649-1BD3-496B-83D6-C745488B0ADF}.Debug|x64.Build.0 = Debug|x64
		{339E2649-1BD3-496B-83D6-C745488B0ADF}.Debug|x86.ActiveCfg = Debug|Win32
		{339E2649-1BD3-496B-83D6-C745488B0ADF}.Debug|x86.Build.0 = Debug|Win32
		{339E2649-1BD3-496B-83D6-C745488B0ADF}.Release|x64.ActiveCfg = Release|x64
		{339E2649-1BD3-496B-83D6-C745488B0ADF}.Release|x64.Build.0 = Release|x64
		{339E2649-1BD3-496B-83D6-C745488B0ADF}.Release|x86.ActiveCfg = Release|Win32
		{339E2649-1BD3-496B-83D6-C745488B0ADF}.Release|x86.Build.0 = Release|Win32
		{5AD9C271-8E38-4E82-9B9F-719A915EC143}.Debug|x64.ActiveCfg = Debug|x64
		{5AD9C271-8E38-4E82-9B9F-719A915EC143}.Debug|x64.Build.0 = Debug|x64
		{5AD9C271-8E38-4E82-9B9F-719A915EC143}.Debug|x86.ActiveCfg = Debug|Win32
		{5AD9C271-8E38-4E82-9B9F-719A915EC143}.Debug|x86.Build.0 = Debug|Win32
		{5AD9C271-8E38-4E82-9B9F-719A915EC143}.Release|x64.ActiveCfg = Release|x64
		{5AD9C271-8E38-4E82-9B9F-719A915EC143}.Release|x64.Build.0 = Release|x64
		{5AD9C271-8E38-4E82-9B9F-719A915EC143}.Release|x86.ActiveCfg = Release|Win32
		{5AD9C271-8E38-4E82-9B9F-719A915EC143}.Release|x86.Build.0 = Release|Win32
		{818D98C1-B502-424E-9BBA-FA69AA835BF7}.Debug|x64.ActiveCfg = Debug|x64
		{818D98C1-B502-424E-9BBA-FA69AA835BF7}.Debug|x64.Build.0 = Debug|x64
		{818D98C1-B502-424E-9BBA-FA69AA835BF7}.Debug|x86.ActiveCfg = Debug|Win32
		{818D98C1-B502-424E-9BBA-FA69AA835BF7}.Debug|x86.Build.0 = Debug|Win32
		{818D98C1-B502-424E-9BBA-FA69AA835BF7}.Release|x64.ActiveCfg = Release|x64
		{818D98C1-B502-424E-9BBA-FA69AA835BF7}.Release|x64.Build.0 = Release|x64
		{818D98C1-B502-424E-9BBA-FA69AA835BF7}.Release|x86.ActiveCfg = Release|Win32
		{818D98C1-B502-424E-9BBA-FA69AA835BF7}.Release|x86.Build.0 = Release|Win32
		{C2E8F94B-9670-417E-90DF-99EC705D485A}.Debug|x64.ActiveCfg = Debug|x64
		{C2E8F94B-9670-417E-90DF-99EC705D485A}.Debug|x64.Build.0 = Debug|x64
		{C2E8F94B-9670-417E-90DF-99EC705D485A}.Debug|x86.ActiveCfg = Debug|Win32
		{C2E8F94B-9670-417E-90DF-99EC705D485A}.Debug|x86.Build.0 = Debug|Win32
		{C2E8F94B-9670-417E-90DF-99EC705D485A}.Release|x64.ActiveCfg = Release|x64
		{C2E8F94B-9670-417E-90DF-99EC705D485A}.Release|x64.Build.0 = Release|x64
		{C2E8F94B-9670-417E-90DF-99EC705D485A}.Release|x86.ActiveCfg = Release|Win32
		{C2E8F94B-9670-417E-90DF-99EC705D485A}.Release|x86.Build.0 = Release|Win32
		{0B93D17F-3E12-4B9E-A133-ACD8343C515F}.Debug|x64.ActiveCfg = Debug|x64
		{0B93D17F-3E12-4B9E-A133-ACD8343C515F}.Debug|x64.Build.0 = Debug|x64
		{0B93D17F-3E12-4B9E-A133-ACD8343C515F}.Debug|x86.ActiveCfg = Debug|Win32
		{0B93D17F-3E12-4B9E-A133-ACD8343C515F}.Debug|x86.Build.0 = Debug|Win32
		{0B93D17F-3E12-4B9E-A133-ACD8343C515F}.Release|x64.ActiveCfg = Release|x64
		{0B93D17F-3E12-4B9E-A133-ACD8343C515F}.Release|x64.Build.0 = Release|x64
		{0B93D17F-3E12-4B9E-A133-ACD8343C515F}.Release|x86.ActiveCfg = Release|Win32
		{0B93D17F-3E12-4B9E-A133-ACD8343C515F}.Release|x86.Build.0 = Release|Win32
		{BE9E9F67-5A68-4A32-98A4-AD805E3EF752}.Debug|x64.ActiveCfg = Debug|x64
		{BE9E9F67-5A68-4A32-98A4-AD805E3EF752}.Debug|x64.Build.0 = Debug|x64
		{BE9E9F67-5A68-4A32-98A4-AD805E3EF752}.Debug|x86.ActiveCfg = Debug|Win32
		{BE9E9F67-5A68-4A32-98A4-AD805E3EF752}.Debug|x86.Build.0 = Debug|Win32
		{BE9E9F67-5A68-4A32-98A4-AD805E3EF752}.Release|x64.ActiveCfg = Release|x64
		{BE9E9F67-5A68-4A32-98A4-AD805E3EF752}.Release|x64.Build.0 = Release|x64
		{BE9E9F67-5A68-4A32-98A4-AD805E3EF752}.Release|x86.ActiveCfg = Release|Win32
		{BE9E9F67-5A68-4A32-98A4-AD805E3EF752}.Release|x86.Build.0 = Release|Win32
		{D938665B-ED60-4085-9321-D1D0C809916A}.Debug|x64.ActiveCfg = Debug|x64
		{D938665B-ED60-4085-9321-D1D0C809916A}.Debug|x64.Build.0 = Debug|x64
		{D938665B-ED60-4085-9321-D1D0C809916A}.Debug|x86.ActiveCfg = Debug|Win32
		{D938665B-ED60-4085-9321-D1D0C809916A}.Debug|x86.Build.0 = Debug|Win32
		{D938665B-ED60-4085-9321-D1D0C809916A}.Release|x64.ActiveCfg = Release|x64
		{D938665B-ED60-4085-9321-D1D0C809916A}.Release|x64.Build.0 = Release|x64
		{D938665B-ED60-4085-9321-D1D0C809916A}.Release|x86.ActiveCfg = Release|Win32
		{D938665B-ED60-4085-9321-D1D0C809916A}.Release|x86.Build.0 = Release|Win32
		{3235D8C8-3376-4804-B998-B092B758088F}.Debug|x64.ActiveCfg = Debug|x64
		{3235D8C8-3376-4804-B998-B092B758088F}.Debug|x64.Build.0 = Debug|x64
		{3235D8C8-3376-4804-B998-B092B758088F}.Debug|x86.ActiveCfg = Debug|Win32
		{3235D8C8-3376-4804-B998-B092B758088F}.Debug|x86.Build.0 = Debug|Win32
		{3235D8C8-3376-4804-B998-B092B758088F}.Release|x64.ActiveCfg = Release|x64
		{3235D8C8-3376-4804-B998-B092B758088F}.Release|x64.Build.0 = Release|x64
		{3235D8C8-3376-4804-B998-B092B758088F}.Release|x86.ActiveCfg = Release|Win32
		{3235D8C8-3376-4804-B998-B092B758088F}.Release|x86.Build.0 = Release|Win32
		{35EAC18F-0C03-44AB-AE12-D48A0B10C2B5}.Debug|x64.ActiveCfg = Debug|x64
		{35EAC18F-0C03-44AB-AE12-D48A0B10C2B5}.Debug|x64.Build.0 = Debug|x64
		{35EAC18F-0C03-44AB-AE12-D48A0B10C2B5}.Debug|x86.ActiveCfg = Debug|Win32
		{35EAC18F-0C03-44AB-AE12-D48A0B10C2B5}.Debug|x86.Build.0 = Debug|Win32
		{35EAC18F-0C03-44AB-AE12-D48A0B10C2B5}.Release|x64.ActiveCfg = Release|x64
		{35EAC18F-0C03-44AB-AE12-D48A0B10C2B5}.Release|x64.Build.0 = Release|x64
		{35EAC18F-0C03-44AB-AE12-D48A0B10C2B5}.Release|x86.ActiveCfg = Release|Win32
		{35EAC18F-0C03-44AB-AE12-D48A0B10C2B5}.Release|x86.Build.0 = Release|Win32
		{6F9AA2E7-B2B5-4A4A-B9A3-C77E761EFE1B}.Debug|x64.ActiveCfg = Debug|x64
		{6F9AA2E7-B2B5-4A4A-B9A3-C77E761EFE1B}.Debug|x64.Build.0 = Debug|x64
		{6F9AA2E7-B2B5-4A4A-B9A3-C77E761EFE1B}.Debug|x86.ActiveCfg = Debug|Win32
		{6F9AA2E7-B2B5-4A4A-B9A3-C77E761EFE1B}.Debug|x86.Build.0 = Debug|Win32
		{6F9AA2E7-B2B5-4A4A-B9A3-C77E761EFE1B}.Release|x64.ActiveCfg = Release|x64
		{6F9AA2E7-B2B5-4A4A-B9A3-C77E761EFE1B}.Release|x64.Build.0 = Release|x64
		{6F9AA2E7-B2B5-4A4A-B9A3-C77E761EFE1B}.Release|x86.ActiveCfg = Release|Win32
		{6F9AA2E7-B2B5-4A4A-B9A3-C77E761EFE1B}.Release|x86.Build.0 = Release|Win32
		{14E0E37D-E563-47E5-A0A0-AFD579AE629A}.Debug|x64.ActiveCfg = Debug|x64
		{14E0E37D-E563-47E5-A0A0-AFD579AE629A}.Debug|x64.Build.0 = Debug|x64
		{14E0E37D-E563-47E5-A0A0-AFD579AE629A}.Debug|x86.ActiveCfg = Debug|Win32
		{14E0E37D-E563-47E5-A0A0-AFD579AE629A}.Debug|x86.Build.0 = Debug|Win32
		{14E0E37D-E563-47E5-A0A0-AFD579AE629A}.Release|x64.ActiveCfg = Release|x64
		{14E0E37D-E563-47E5-A0A0-AFD579AE629A}.Release|x64.Build.0 = Release|x64
		{14E0E37D-E563-47E5-A0A0-AFD579AE629A}.Release|x86.ActiveCfg = Release|Win32
		{14E0E37D-E563-47E5-A0A0-AFD579AE629A}.Release|x86.Build.0 = Release|Win32
		{053CB36D-DA03-4FFD-91A5-DA8F99BD7FF4}.Debug|x64.ActiveCfg = Debug|x64
		{053CB36D-DA03-4FFD-91A5-DA8F99BD7FF4}.Debug|x64.Build.0 = Debug|x64
		{053CB36D-DA03-4FFD-91A5-DA8F99BD7FF4}.Debug|x86.ActiveCfg = Debug|Win32
		{053CB36D-DA03-4FFD-91A5-DA8F99BD7FF4}.Debug|x86.Build.0 = Debug|Win32
		{053CB36D-DA03-4FFD-91A5-DA8F99BD7FF4}.Release|x64.ActiveCfg = Release|x64
		{053CB36D-DA03-4FFD-91A5-DA8F99BD7FF4}.Release|x64.Build.0 = Release|x64
		{053CB36D-DA03-4FFD-91A5-DA8F99BD7FF4}.Release|x86.ActiveCfg = Release|Win32
		{053CB36D-DA03-4FFD-91A5-DA8F99BD7FF4}.Release|x86.Build.0 = Release|Win32
	EndGlobalSection
	GlobalSection(SolutionProperties) = preSolution
		HideSolutionNode = FALSE
	EndGlobalSection
	GlobalSection(NestedProjects) = preSolution
		{739F5BAE-AA27-406F-9A31-DB6D95A3D230} = {EC60490A-F0DF-42EA-BFB3-C75223ED9CB4}
		{10C8471E-983B-403F-BA90-12857A73CF47} = {EC60490A-F0DF-42EA-BFB3-C75223ED9CB4}
		{7071BF9A-6B69-4F76-B80C-343B941FF887} = {EC60490A-F0DF-42EA-BFB3-C75223ED9CB4}
		{F4999B09-1F08-4B1F-8BCB-3C7B4C173E3A} = {EC60490A-F0DF-42EA-BFB3-C75223ED9CB4}
		{328FC44F-3FF8-4276-BFE1-09E862F82247} = {EC60490A-F0DF-42EA-BFB3-C75223ED9CB4}
		{330635B4-2026-4064-BB73-9F673F920961} = {294E063B-EC4B-4492-9F09-CEDAF61301A9}
		{D984DD9D-376F-423B-AFEB-A0A7F2B75F0E} = {294E063B-EC4B-4492-9F09-CEDAF61301A9}
		{ADB4575E-CAAB-4F59-82CA-D7DF0840BEDC} = {579D6C9D-0497-4796-99EF-F32FCCF8CC35}
		{E1F9B026-9244-4A40-8BB9-4968F229C371} = {579D6C9D-0497-4796-99EF-F32FCCF8CC35}
		{2B9FAAFB-3D32-477E-938B-E142099189D1} = {294E063B-EC4B-4492-9F09-CEDAF61301A9}
		{6674126B-ED0D-45C0-8FFA-F356E6EE1F9D} = {6F06D526-E84B-4F44-9C0C-D19DBD13220B}
		{82751D41-C499-40BE-A411-FA15BFB603D3} = {1DC8E30F-FB46-4429-9552-BF59E6DCF0EC}
		{A12ADE59-AC42-4CB6-9C9D-053F351D469B} = {9C6FFDAB-783E-487E-A574-44AA2F8705C2}
		{E496ABBF-6992-41CA-B918-87EC93177946} = {8B393D30-C957-476A-8386-97B2D172013E}
		{8B393D30-C957-476A-8386-97B2D172013E} = {1A32EA3D-7708-4A13-A587-20C05D2F498D}
		{74F5FF8E-D1BD-421A-AF13-4927DA9C9CFD} = {49AFAC1F-F02D-46F6-9EA9-57FB436E73AB}
		{ADA47EC4-3117-4A79-BA40-69952C8428BD} = {A3C7DF56-B1A3-4D94-86CA-C475578CC278}
		{EE911D9E-8090-4EFA-B1FD-EB7584EB840A} = {950D16BB-7EF8-42F6-B884-29420E346184}
		{D97EA1EE-798D-4E83-B4B3-DCA3A90DB0F4} = {E813E654-7EBC-4B1D-A1B2-56E06D3F45D0}
		{461E03FF-18F7-405D-A1E1-D53FA845B22A} = {64DFDC0E-C5C9-49BF-9139-A2898D216D80}
		{662B0814-4376-4ADF-A38E-39C5B33FF539} = {679423DB-CF95-4C20-97F3-B09A796DFBCA}
		{DA24130A-9D0B-402C-B650-927074E78520} = {0094AA4F-DC37-4B80-85BE-BAC4C2E21B45}
		{118907A3-EDB4-4AFB-9A3B-E3326356D140} = {77BBEACD-78F4-4E0D-ADF6-1DE609A1DA7E}
		{6BDFB3F9-FA68-4786-9055-22ECCB79E6DE} = {DEC47049-4341-495E-9FF3-808D38E4AA20}
		{47882DE7-95D0-4883-89CB-EE0CFAB65A6A} = {AE50DB3F-9BA0-4C3B-A72A-20EC8DCBCDCC}
		{F45CEAF6-76C2-4BED-96F1-A98818B9494C} = {EC60490A-F0DF-42EA-BFB3-C75223ED9CB4}
		{F71890C8-1EE4-4458-9F2F-ED457A834DCA} = {2E2D64FD-B01A-455C-ABDE-90E4C3D8BEA0}
		{AEC17668-909D-4701-89F7-6CDAE3EA6093} = {1B090181-FD8D-49FE-8FA6-678715F8ACB3}
		{5D1BC05B-8939-4E75-A634-A079ACE27361} = {7628DEFB-0B25-41E6-BC00-7376C6EDAA11}
		{86F1080C-E7E7-4D33-AA7E-4B80EA5293CA} = {B1E907A0-BA85-486C-A20E-43437C8F6795}
		{C3E02C69-55CF-47B2-B18D-729D1FCD8209} = {A19F3A07-0892-4470-ADD8-962DFE8EB4A6}
		{AFB29CE9-6269-4B0B-990A-A1DD75E1E646} = {C186169E-0A67-4EC4-885E-A5E8E3581314}
		{6D5DAD51-5CCA-4FD9-B0D4-D6AB763F52AE} = {851FD1B8-2E18-4D14-995E-BBADD796E15A}
		{DFA2C6BC-D5B7-4B01-A18A-6CA7EB510E19} = {99B9BF9F-2A16-43BF-9A88-41624094C9C8}
		{5B1EE7E7-FA95-4FA6-8A60-FB6BCC2BD8AE} = {3E0A2E75-CF38-44C3-94C1-5B35C628FAAE}
		{992CA626-A420-4F0E-BD33-7596D7949F47} = {101DD7EE-1D19-4771-9A84-5E6874900D45}
		{0FB25D75-6A87-4582-8D89-98DB622450CC} = {EFDA05AA-3C77-4C11-B3C0-4683ACFB2349}
		{DC09642D-4454-4D17-8DBD-E36DA7F61E3B} = {DFC75994-37AC-4942-86F5-1C0E90274085}
		{FD805621-B88B-4E73-9FAF-1FE2B9DCB5B7} = {4D092D54-1C21-4DCA-9179-350CA8DD399C}
		{4096B268-CE62-4F38-86BE-B6181B537BBC} = {CB081CB1-0BEA-4DA6-BF9D-9D215F1131B2}
		{9D629D64-594C-4FDA-8578-5C95EC5BACBA} = {8B393D30-C957-476A-8386-97B2D172013E}
		{2FA2C260-3923-4102-B033-31E452C572F6} = {1A32EA3D-7708-4A13-A587-20C05D2F498D}
		{D374C845-BA79-458D-B5B5-C6B062A94450} = {8B393D30-C957-476A-8386-97B2D172013E}
		{0E680BA7-5785-4FF8-9751-C5F7EE83C337} = {1A32EA3D-7708-4A13-A587-20C05D2F498D}
		{54FC6D03-4683-4E95-83D5-2C5F2E73D526} = {1A32EA3D-7708-4A13-A587-20C05D2F498D}
		{C69AA566-B7FC-4A3A-ADA0-DDBAAD6067EB} = {8B393D30-C957-476A-8386-97B2D172013E}
		{3417A444-4094-4AAB-B29E-BC5E71AAFDFC} = {8B393D30-C957-476A-8386-97B2D172013E}
		{FC92B05B-226E-4E2D-B395-C447DABC37B6} = {1A32EA3D-7708-4A13-A587-20C05D2F498D}
		{3E3EE1D0-4E47-4AC0-A0B9-75FAA5CC38FC} = {1A32EA3D-7708-4A13-A587-20C05D2F498D}
		{E21DF4FC-85A0-4D16-A29C-AC6C52A5B24A} = {8B393D30-C957-476A-8386-97B2D172013E}
		{4E9B93FC-18D2-4D91-B76E-D0F3D20779CC} = {8B393D30-C957-476A-8386-97B2D172013E}
		{5013E836-57BE-4E64-9D88-3F43FFCE3C57} = {8B393D30-C957-476A-8386-97B2D172013E}
		{699022BA-DBA6-4DA2-96D0-683E5B460221} = {8B393D30-C957-476A-8386-97B2D172013E}
		{20939ACA-2E92-4FFA-8254-BDA0660B0D53} = {8B393D30-C957-476A-8386-97B2D172013E}
		{CD68EC9E-41B6-4508-8E13-4D86ABDE6AC5} = {8B393D30-C957-476A-8386-97B2D172013E}
		{83970882-713F-4B2C-8342-B7CD1FA35F68} = {8B393D30-C957-476A-8386-97B2D172013E}
		{3A8E15B7-E2FC-4CA3-85D6-EFCE16DC961C} = {8B393D30-C957-476A-8386-97B2D172013E}
		{D72AA4D5-54F5-4C32-9512-86F7F71C94F5} = {8B393D30-C957-476A-8386-97B2D172013E}
		{A40FDE5A-2C5F-46C6-BF6C-9B734BF4411B} = {8B393D30-C957-476A-8386-97B2D172013E}
		{04CC5050-B192-49D9-A797-F0313096890F} = {8B393D30-C957-476A-8386-97B2D172013E}
		{E8066673-47B5-4986-B544-20818FCD739F} = {8B393D30-C957-476A-8386-97B2D172013E}
		{449449BC-16BC-41D2-80EE-2050681A5C77} = {8B393D30-C957-476A-8386-97B2D172013E}
		{FF856085-2D60-40A2-8D4B-BE535A782CC9} = {8B393D30-C957-476A-8386-97B2D172013E}
		{10814793-F093-41E1-9EC6-C9454AA620BF} = {8B393D30-C957-476A-8386-97B2D172013E}
		{CB7A08D2-E1B0-4D65-A2AE-F6AA22887B3F} = {8B393D30-C957-476A-8386-97B2D172013E}
		{7053ABBE-3A7A-4D97-974C-CA2801677CDD} = {8B393D30-C957-476A-8386-97B2D172013E}
		{4400E6E4-458A-45E7-8D61-D70BA580C898} = {8B393D30-C957-476A-8386-97B2D172013E}
		{D63468B9-6860-440C-A706-7573DBAA4506} = {8B393D30-C957-476A-8386-97B2D172013E}
		{91B9DFCB-CA86-4586-9AF6-6F3928FABC6D} = {8B393D30-C957-476A-8386-97B2D172013E}
		{062031CA-C5D1-4717-9660-BDFCC8A661F0} = {8B393D30-C957-476A-8386-97B2D172013E}
		{909F90B8-E122-43CA-8FBA-BBBF95E4425F} = {8B393D30-C957-476A-8386-97B2D172013E}
		{769146BA-2715-4940-A996-1854F8EE096E} = {8B393D30-C957-476A-8386-97B2D172013E}
		{5C00BFAD-A374-4DFC-BDC1-94AE113C44AE} = {8B393D30-C957-476A-8386-97B2D172013E}
		{A2A21C98-1EF1-4BB3-ADA2-8236602E0BCA} = {8B393D30-C957-476A-8386-97B2D172013E}
		{FD988D6E-31B5-4318-BCEC-D8A833E352DF} = {8B393D30-C957-476A-8386-97B2D172013E}
		{75EE5071-E959-4A70-907C-10F7A28051BD} = {8B393D30-C957-476A-8386-97B2D172013E}
		{7031C21A-30D1-4F96-9026-C6141A4D4E71} = {8B393D30-C957-476A-8386-97B2D172013E}
		{24596A14-3BB7-45BF-A7AA-7185517003F9} = {8B393D30-C957-476A-8386-97B2D172013E}
		{339E2649-1BD3-496B-83D6-C745488B0ADF} = {8B393D30-C957-476A-8386-97B2D172013E}
		{5AD9C271-8E38-4E82-9B9F-719A915EC143} = {8B393D30-C957-476A-8386-97B2D172013E}
		{818D98C1-B502-424E-9BBA-FA69AA835BF7} = {8B393D30-C957-476A-8386-97B2D172013E}
		{C2E8F94B-9670-417E-90DF-99EC705D485A} = {1A32EA3D-7708-4A13-A587-20C05D2F498D}
		{0B93D17F-3E12-4B9E-A133-ACD8343C515F} = {1A32EA3D-7708-4A13-A587-20C05D2F498D}
		{BE9E9F67-5A68-4A32-98A4-AD805E3EF752} = {1A32EA3D-7708-4A13-A587-20C05D2F498D}
		{D938665B-ED60-4085-9321-D1D0C809916A} = {11567A53-4899-4A87-8EA1-1A80FA052DAC}
		{3235D8C8-3376-4804-B998-B092B758088F} = {3E0A2E75-CF38-44C3-94C1-5B35C628FAAE}
		{35EAC18F-0C03-44AB-AE12-D48A0B10C2B5} = {1A32EA3D-7708-4A13-A587-20C05D2F498D}
		{6F9AA2E7-B2B5-4A4A-B9A3-C77E761EFE1B} = {1A32EA3D-7708-4A13-A587-20C05D2F498D}
		{14E0E37D-E563-47E5-A0A0-AFD579AE629A} = {1A32EA3D-7708-4A13-A587-20C05D2F498D}
		{053CB36D-DA03-4FFD-91A5-DA8F99BD7FF4} = {1A32EA3D-7708-4A13-A587-20C05D2F498D}
	EndGlobalSection
	GlobalSection(ExtensibilityGlobals) = postSolution
		SolutionGuid = {05F331D6-BE2E-40E7-8FFB-F7E7C448515A}
	EndGlobalSection
EndGlobal
