
Microsoft Visual Studio Solution File, Format Version 12.00
# Visual Studio Version 16
VisualStudioVersion = 16.0.29209.62
MinimumVisualStudioVersion = 10.0.40219.1
Project("{2150E333-8FDC-42A3-9474-1A3956D46DE8}") = "01_C", "01_C", "{9C2FD706-1F39-46B3-9FCF-52FE977BF00E}"
	ProjectSection(SolutionItems) = preProject
		C.txt = C.txt
	EndProjectSection
EndProject
Project("{2150E333-8FDC-42A3-9474-1A3956D46DE8}") = "02_VisualStudio", "02_VisualStudio", "{CB081CB1-0BEA-4DA6-BF9D-9D215F1131B2}"
EndProject
Project("{2150E333-8FDC-42A3-9474-1A3956D46DE8}") = "03_HelloWorld", "03_HelloWorld", "{4D092D54-1C21-4DCA-9179-350CA8DD399C}"
EndProject
Project("{2150E333-8FDC-42A3-9474-1A3956D46DE8}") = "21_Function", "21_Function", "{EC60490A-F0DF-42EA-BFB3-C75223ED9CB4}"
EndProject
Project("{8BC9CEB8-8B4A-11D0-8D11-00A0C91BC942}") = "함수_정의_호출", "함수_정의_호출\함수_정의_호출.vcxproj", "{739F5BAE-AA27-406F-9A31-DB6D95A3D230}"
EndProject
Project("{8BC9CEB8-8B4A-11D0-8D11-00A0C91BC942}") = "함수설명데모", "함수설명데모\함수설명데모.vcxproj", "{10C8471E-983B-403F-BA90-12857A73CF47}"
EndProject
Project("{8BC9CEB8-8B4A-11D0-8D11-00A0C91BC942}") = "함수설계연습", "함수설계연습\함수설계연습.vcxproj", "{7071BF9A-6B69-4F76-B80C-343B941FF887}"
EndProject
Project("{8BC9CEB8-8B4A-11D0-8D11-00A0C91BC942}") = "FunctionReturnValue", "FunctionReturnValue\FunctionReturnValue.vcxproj", "{F4999B09-1F08-4B1F-8BCB-3C7B4C173E3A}"
EndProject
Project("{8BC9CEB8-8B4A-11D0-8D11-00A0C91BC942}") = "GetSumTwoNumber", "GetSumTwoNumber\GetSumTwoNumber.vcxproj", "{328FC44F-3FF8-4276-BFE1-09E862F82247}"
EndProject
Project("{2150E333-8FDC-42A3-9474-1A3956D46DE8}") = "04_Syntax", "04_Syntax", "{DFC75994-37AC-4942-86F5-1C0E90274085}"
EndProject
Project("{2150E333-8FDC-42A3-9474-1A3956D46DE8}") = "05_Variable", "05_Variable", "{EFDA05AA-3C77-4C11-B3C0-4683ACFB2349}"
EndProject
Project("{2150E333-8FDC-42A3-9474-1A3956D46DE8}") = "06_Number", "06_Number", "{101DD7EE-1D19-4771-9A84-5E6874900D45}"
EndProject
Project("{2150E333-8FDC-42A3-9474-1A3956D46DE8}") = "07_BoolCharString", "07_BoolCharString", "{3E0A2E75-CF38-44C3-94C1-5B35C628FAAE}"
EndProject
Project("{2150E333-8FDC-42A3-9474-1A3956D46DE8}") = "08_ReadLine", "08_ReadLine", "{99B9BF9F-2A16-43BF-9A88-41624094C9C8}"
EndProject
Project("{2150E333-8FDC-42A3-9474-1A3956D46DE8}") = "09_Operator", "09_Operator", "{851FD1B8-2E18-4D14-995E-BBADD796E15A}"
EndProject
Project("{2150E333-8FDC-42A3-9474-1A3956D46DE8}") = "10_AssignmentIncrement", "10_AssignmentIncrement", "{C186169E-0A67-4EC4-885E-A5E8E3581314}"
EndProject
Project("{2150E333-8FDC-42A3-9474-1A3956D46DE8}") = "11_RelationalLogical", "11_RelationalLogical", "{294E063B-EC4B-4492-9F09-CEDAF61301A9}"
EndProject
Project("{8BC9CEB8-8B4A-11D0-8D11-00A0C91BC942}") = "논리연산자", "논리연산자\논리연산자.vcxproj", "{330635B4-2026-4064-BB73-9F673F920961}"
EndProject
Project("{8BC9CEB8-8B4A-11D0-8D11-00A0C91BC942}") = "비교연산자", "비교연산자\비교연산자.vcxproj", "{D984DD9D-376F-423B-AFEB-A0A7F2B75F0E}"
EndProject
Project("{2150E333-8FDC-42A3-9474-1A3956D46DE8}") = "12_BitAndShift", "12_BitAndShift", "{579D6C9D-0497-4796-99EF-F32FCCF8CC35}"
EndProject
Project("{8BC9CEB8-8B4A-11D0-8D11-00A0C91BC942}") = "BitOperatorDescription", "BitOperatorDescription\BitOperatorDescription.vcxproj", "{ADB4575E-CAAB-4F59-82CA-D7DF0840BEDC}"
EndProject
Project("{8BC9CEB8-8B4A-11D0-8D11-00A0C91BC942}") = "ShiftOperatorDemo", "ShiftOperatorDemo\ShiftOperatorDemo.vcxproj", "{E1F9B026-9244-4A40-8BB9-4968F229C371}"
EndProject
Project("{8BC9CEB8-8B4A-11D0-8D11-00A0C91BC942}") = "비교연산자_복습", "비교연산자_복습\비교연산자_복습.vcxproj", "{2B9FAAFB-3D32-477E-938B-E142099189D1}"
EndProject
Project("{2150E333-8FDC-42A3-9474-1A3956D46DE8}") = "13_ConditionalOperator", "13_ConditionalOperator", "{A19F3A07-0892-4470-ADD8-962DFE8EB4A6}"
EndProject
Project("{2150E333-8FDC-42A3-9474-1A3956D46DE8}") = "14_If", "14_If", "{6F06D526-E84B-4F44-9C0C-D19DBD13220B}"
EndProject
Project("{2150E333-8FDC-42A3-9474-1A3956D46DE8}") = "15_Else", "15_Else", "{1DC8E30F-FB46-4429-9552-BF59E6DCF0EC}"
EndProject
Project("{2150E333-8FDC-42A3-9474-1A3956D46DE8}") = "16_Switch", "16_Switch", "{9C6FFDAB-783E-487E-A574-44AA2F8705C2}"
EndProject
Project("{2150E333-8FDC-42A3-9474-1A3956D46DE8}") = "17_For", "17_For", "{B1E907A0-BA85-486C-A20E-43437C8F6795}"
EndProject
Project("{2150E333-8FDC-42A3-9474-1A3956D46DE8}") = "18_While_Do_ForEach", "18_While_Do_ForEach", "{7628DEFB-0B25-41E6-BC00-7376C6EDAA11}"
EndProject
Project("{2150E333-8FDC-42A3-9474-1A3956D46DE8}") = "19_BreakContinueGoto", "19_BreakContinueGoto", "{1B090181-FD8D-49FE-8FA6-678715F8ACB3}"
EndProject
Project("{2150E333-8FDC-42A3-9474-1A3956D46DE8}") = "20_Array", "20_Array", "{2E2D64FD-B01A-455C-ABDE-90E4C3D8BEA0}"
EndProject
Project("{8BC9CEB8-8B4A-11D0-8D11-00A0C91BC942}") = "If문", "If문\If문.vcxproj", "{6674126B-ED0D-45C0-8FFA-F356E6EE1F9D}"
EndProject
Project("{8BC9CEB8-8B4A-11D0-8D11-00A0C91BC942}") = "GreaterThanEqual", "GreaterThanEqual\GreaterThanEqual.vcxproj", "{82751D41-C499-40BE-A411-FA15BFB603D3}"
EndProject
Project("{8BC9CEB8-8B4A-11D0-8D11-00A0C91BC942}") = "선택문", "선택문\선택문.vcxproj", "{A12ADE59-AC42-4CB6-9C9D-053F351D469B}"
EndProject
Project("{2150E333-8FDC-42A3-9474-1A3956D46DE8}") = "22_Interactive", "22_Interactive", "{AE50DB3F-9BA0-4C3B-A72A-20EC8DCBCDCC}"
EndProject
Project("{2150E333-8FDC-42A3-9474-1A3956D46DE8}") = "23_API", "23_API", "{DEC47049-4341-495E-9FF3-808D38E4AA20}"
EndProject
Project("{2150E333-8FDC-42A3-9474-1A3956D46DE8}") = "24_Struct", "24_Struct", "{77BBEACD-78F4-4E0D-ADF6-1DE609A1DA7E}"
EndProject
Project("{2150E333-8FDC-42A3-9474-1A3956D46DE8}") = "25_Enum", "25_Enum", "{0094AA4F-DC37-4B80-85BE-BAC4C2E21B45}"
EndProject
Project("{2150E333-8FDC-42A3-9474-1A3956D46DE8}") = "26_Class", "26_Class", "{679423DB-CF95-4C20-97F3-B09A796DFBCA}"
EndProject
Project("{2150E333-8FDC-42A3-9474-1A3956D46DE8}") = "27_String", "27_String", "{64DFDC0E-C5C9-49BF-9139-A2898D216D80}"
EndProject
Project("{2150E333-8FDC-42A3-9474-1A3956D46DE8}") = "28_Exception", "28_Exception", "{E813E654-7EBC-4B1D-A1B2-56E06D3F45D0}"
EndProject
Project("{2150E333-8FDC-42A3-9474-1A3956D46DE8}") = "29_Collection", "29_Collection", "{950D16BB-7EF8-42F6-B884-29420E346184}"
EndProject
Project("{2150E333-8FDC-42A3-9474-1A3956D46DE8}") = "30_GenericClass", "30_GenericClass", "{A3C7DF56-B1A3-4D94-86CA-C475578CC278}"
EndProject
Project("{2150E333-8FDC-42A3-9474-1A3956D46DE8}") = "31_LINQ", "31_LINQ", "{49AFAC1F-F02D-46F6-9EA9-57FB436E73AB}"
EndProject
Project("{2150E333-8FDC-42A3-9474-1A3956D46DE8}") = "32_Algorithms", "32_Algorithms", "{1A32EA3D-7708-4A13-A587-20C05D2F498D}"
EndProject
Project("{8BC9CEB8-8B4A-11D0-8D11-00A0C91BC942}") = "선택정렬알고리즘", "선택정렬알고리즘\선택정렬알고리즘.vcxproj", "{E496ABBF-6992-41CA-B918-87EC93177946}"
EndProject
Project("{2150E333-8FDC-42A3-9474-1A3956D46DE8}") = "_", "_", "{8B393D30-C957-476A-8386-97B2D172013E}"
EndProject
Project("{2150E333-8FDC-42A3-9474-1A3956D46DE8}") = "_", "_", "{74F5FF8E-D1BD-421A-AF13-4927DA9C9CFD}"
EndProject
Project("{2150E333-8FDC-42A3-9474-1A3956D46DE8}") = "_", "_", "{ADA47EC4-3117-4A79-BA40-69952C8428BD}"
EndProject
Project("{2150E333-8FDC-42A3-9474-1A3956D46DE8}") = "_", "_", "{EE911D9E-8090-4EFA-B1FD-EB7584EB840A}"
EndProject
Project("{2150E333-8FDC-42A3-9474-1A3956D46DE8}") = "_", "_", "{D97EA1EE-798D-4E83-B4B3-DCA3A90DB0F4}"
EndProject
Project("{2150E333-8FDC-42A3-9474-1A3956D46DE8}") = "_", "_", "{461E03FF-18F7-405D-A1E1-D53FA845B22A}"
EndProject
Project("{2150E333-8FDC-42A3-9474-1A3956D46DE8}") = "_", "_", "{662B0814-4376-4ADF-A38E-39C5B33FF539}"
EndProject
Project("{2150E333-8FDC-42A3-9474-1A3956D46DE8}") = "_", "_", "{DA24130A-9D0B-402C-B650-927074E78520}"
EndProject
Project("{2150E333-8FDC-42A3-9474-1A3956D46DE8}") = "_", "_", "{118907A3-EDB4-4AFB-9A3B-E3326356D140}"
EndProject
Project("{2150E333-8FDC-42A3-9474-1A3956D46DE8}") = "_", "_", "{6BDFB3F9-FA68-4786-9055-22ECCB79E6DE}"
EndProject
Project("{2150E333-8FDC-42A3-9474-1A3956D46DE8}") = "_", "_", "{47882DE7-95D0-4883-89CB-EE0CFAB65A6A}"
EndProject
Project("{2150E333-8FDC-42A3-9474-1A3956D46DE8}") = "_", "_", "{F45CEAF6-76C2-4BED-96F1-A98818B9494C}"
EndProject
Project("{2150E333-8FDC-42A3-9474-1A3956D46DE8}") = "_", "_", "{F71890C8-1EE4-4458-9F2F-ED457A834DCA}"
EndProject
Project("{2150E333-8FDC-42A3-9474-1A3956D46DE8}") = "_", "_", "{AEC17668-909D-4701-89F7-6CDAE3EA6093}"
EndProject
Project("{2150E333-8FDC-42A3-9474-1A3956D46DE8}") = "_", "_", "{5D1BC05B-8939-4E75-A634-A079ACE27361}"
EndProject
Project("{2150E333-8FDC-42A3-9474-1A3956D46DE8}") = "_", "_", "{86F1080C-E7E7-4D33-AA7E-4B80EA5293CA}"
EndProject
Project("{2150E333-8FDC-42A3-9474-1A3956D46DE8}") = "_", "_", "{C3E02C69-55CF-47B2-B18D-729D1FCD8209}"
EndProject
Project("{2150E333-8FDC-42A3-9474-1A3956D46DE8}") = "_", "_", "{AFB29CE9-6269-4B0B-990A-A1DD75E1E646}"
EndProject
Project("{2150E333-8FDC-42A3-9474-1A3956D46DE8}") = "_", "_", "{6D5DAD51-5CCA-4FD9-B0D4-D6AB763F52AE}"
EndProject
Project("{2150E333-8FDC-42A3-9474-1A3956D46DE8}") = "_", "_", "{DFA2C6BC-D5B7-4B01-A18A-6CA7EB510E19}"
EndProject
Project("{2150E333-8FDC-42A3-9474-1A3956D46DE8}") = "_", "_", "{5B1EE7E7-FA95-4FA6-8A60-FB6BCC2BD8AE}"
EndProject
Project("{2150E333-8FDC-42A3-9474-1A3956D46DE8}") = "_", "_", "{992CA626-A420-4F0E-BD33-7596D7949F47}"
EndProject
Project("{2150E333-8FDC-42A3-9474-1A3956D46DE8}") = "_", "_", "{0FB25D75-6A87-4582-8D89-98DB622450CC}"
EndProject
Project("{2150E333-8FDC-42A3-9474-1A3956D46DE8}") = "_", "_", "{DC09642D-4454-4D17-8DBD-E36DA7F61E3B}"
EndProject
Project("{2150E333-8FDC-42A3-9474-1A3956D46DE8}") = "_", "_", "{FD805621-B88B-4E73-9FAF-1FE2B9DCB5B7}"
EndProject
Project("{2150E333-8FDC-42A3-9474-1A3956D46DE8}") = "_", "_", "{4096B268-CE62-4F38-86BE-B6181B537BBC}"
EndProject
Global
	GlobalSection(SolutionConfigurationPlatforms) = preSolution
		Debug|x64 = Debug|x64
		Debug|x86 = Debug|x86
		Release|x64 = Release|x64
		Release|x86 = Release|x86
	EndGlobalSection
	GlobalSection(ProjectConfigurationPlatforms) = postSolution
		{739F5BAE-AA27-406F-9A31-DB6D95A3D230}.Debug|x64.ActiveCfg = Debug|x64
		{739F5BAE-AA27-406F-9A31-DB6D95A3D230}.Debug|x64.Build.0 = Debug|x64
		{739F5BAE-AA27-406F-9A31-DB6D95A3D230}.Debug|x86.ActiveCfg = Debug|Win32
		{739F5BAE-AA27-406F-9A31-DB6D95A3D230}.Debug|x86.Build.0 = Debug|Win32
		{739F5BAE-AA27-406F-9A31-DB6D95A3D230}.Release|x64.ActiveCfg = Release|x64
		{739F5BAE-AA27-406F-9A31-DB6D95A3D230}.Release|x64.Build.0 = Release|x64
		{739F5BAE-AA27-406F-9A31-DB6D95A3D230}.Release|x86.ActiveCfg = Release|Win32
		{739F5BAE-AA27-406F-9A31-DB6D95A3D230}.Release|x86.Build.0 = Release|Win32
		{10C8471E-983B-403F-BA90-12857A73CF47}.Debug|x64.ActiveCfg = Debug|x64
		{10C8471E-983B-403F-BA90-12857A73CF47}.Debug|x64.Build.0 = Debug|x64
		{10C8471E-983B-403F-BA90-12857A73CF47}.Debug|x86.ActiveCfg = Debug|Win32
		{10C8471E-983B-403F-BA90-12857A73CF47}.Debug|x86.Build.0 = Debug|Win32
		{10C8471E-983B-403F-BA90-12857A73CF47}.Release|x64.ActiveCfg = Release|x64
		{10C8471E-983B-403F-BA90-12857A73CF47}.Release|x64.Build.0 = Release|x64
		{10C8471E-983B-403F-BA90-12857A73CF47}.Release|x86.ActiveCfg = Release|Win32
		{10C8471E-983B-403F-BA90-12857A73CF47}.Release|x86.Build.0 = Release|Win32
		{7071BF9A-6B69-4F76-B80C-343B941FF887}.Debug|x64.ActiveCfg = Debug|x64
		{7071BF9A-6B69-4F76-B80C-343B941FF887}.Debug|x64.Build.0 = Debug|x64
		{7071BF9A-6B69-4F76-B80C-343B941FF887}.Debug|x86.ActiveCfg = Debug|Win32
		{7071BF9A-6B69-4F76-B80C-343B941FF887}.Debug|x86.Build.0 = Debug|Win32
		{7071BF9A-6B69-4F76-B80C-343B941FF887}.Release|x64.ActiveCfg = Release|x64
		{7071BF9A-6B69-4F76-B80C-343B941FF887}.Release|x64.Build.0 = Release|x64
		{7071BF9A-6B69-4F76-B80C-343B941FF887}.Release|x86.ActiveCfg = Release|Win32
		{7071BF9A-6B69-4F76-B80C-343B941FF887}.Release|x86.Build.0 = Release|Win32
		{F4999B09-1F08-4B1F-8BCB-3C7B4C173E3A}.Debug|x64.ActiveCfg = Debug|x64
		{F4999B09-1F08-4B1F-8BCB-3C7B4C173E3A}.Debug|x64.Build.0 = Debug|x64
		{F4999B09-1F08-4B1F-8BCB-3C7B4C173E3A}.Debug|x86.ActiveCfg = Debug|Win32
		{F4999B09-1F08-4B1F-8BCB-3C7B4C173E3A}.Debug|x86.Build.0 = Debug|Win32
		{F4999B09-1F08-4B1F-8BCB-3C7B4C173E3A}.Release|x64.ActiveCfg = Release|x64
		{F4999B09-1F08-4B1F-8BCB-3C7B4C173E3A}.Release|x64.Build.0 = Release|x64
		{F4999B09-1F08-4B1F-8BCB-3C7B4C173E3A}.Release|x86.ActiveCfg = Release|Win32
		{F4999B09-1F08-4B1F-8BCB-3C7B4C173E3A}.Release|x86.Build.0 = Release|Win32
		{328FC44F-3FF8-4276-BFE1-09E862F82247}.Debug|x64.ActiveCfg = Debug|x64
		{328FC44F-3FF8-4276-BFE1-09E862F82247}.Debug|x64.Build.0 = Debug|x64
		{328FC44F-3FF8-4276-BFE1-09E862F82247}.Debug|x86.ActiveCfg = Debug|Win32
		{328FC44F-3FF8-4276-BFE1-09E862F82247}.Debug|x86.Build.0 = Debug|Win32
		{328FC44F-3FF8-4276-BFE1-09E862F82247}.Release|x64.ActiveCfg = Release|x64
		{328FC44F-3FF8-4276-BFE1-09E862F82247}.Release|x64.Build.0 = Release|x64
		{328FC44F-3FF8-4276-BFE1-09E862F82247}.Release|x86.ActiveCfg = Release|Win32
		{328FC44F-3FF8-4276-BFE1-09E862F82247}.Release|x86.Build.0 = Release|Win32
		{330635B4-2026-4064-BB73-9F673F920961}.Debug|x64.ActiveCfg = Debug|x64
		{330635B4-2026-4064-BB73-9F673F920961}.Debug|x64.Build.0 = Debug|x64
		{330635B4-2026-4064-BB73-9F673F920961}.Debug|x86.ActiveCfg = Debug|Win32
		{330635B4-2026-4064-BB73-9F673F920961}.Debug|x86.Build.0 = Debug|Win32
		{330635B4-2026-4064-BB73-9F673F920961}.Release|x64.ActiveCfg = Release|x64
		{330635B4-2026-4064-BB73-9F673F920961}.Release|x64.Build.0 = Release|x64
		{330635B4-2026-4064-BB73-9F673F920961}.Release|x86.ActiveCfg = Release|Win32
		{330635B4-2026-4064-BB73-9F673F920961}.Release|x86.Build.0 = Release|Win32
		{D984DD9D-376F-423B-AFEB-A0A7F2B75F0E}.Debug|x64.ActiveCfg = Debug|x64
		{D984DD9D-376F-423B-AFEB-A0A7F2B75F0E}.Debug|x64.Build.0 = Debug|x64
		{D984DD9D-376F-423B-AFEB-A0A7F2B75F0E}.Debug|x86.ActiveCfg = Debug|Win32
		{D984DD9D-376F-423B-AFEB-A0A7F2B75F0E}.Debug|x86.Build.0 = Debug|Win32
		{D984DD9D-376F-423B-AFEB-A0A7F2B75F0E}.Release|x64.ActiveCfg = Release|x64
		{D984DD9D-376F-423B-AFEB-A0A7F2B75F0E}.Release|x64.Build.0 = Release|x64
		{D984DD9D-376F-423B-AFEB-A0A7F2B75F0E}.Release|x86.ActiveCfg = Release|Win32
		{D984DD9D-376F-423B-AFEB-A0A7F2B75F0E}.Release|x86.Build.0 = Release|Win32
		{ADB4575E-CAAB-4F59-82CA-D7DF0840BEDC}.Debug|x64.ActiveCfg = Debug|x64
		{ADB4575E-CAAB-4F59-82CA-D7DF0840BEDC}.Debug|x64.Build.0 = Debug|x64
		{ADB4575E-CAAB-4F59-82CA-D7DF0840BEDC}.Debug|x86.ActiveCfg = Debug|Win32
		{ADB4575E-CAAB-4F59-82CA-D7DF0840BEDC}.Debug|x86.Build.0 = Debug|Win32
		{ADB4575E-CAAB-4F59-82CA-D7DF0840BEDC}.Release|x64.ActiveCfg = Release|x64
		{ADB4575E-CAAB-4F59-82CA-D7DF0840BEDC}.Release|x64.Build.0 = Release|x64
		{ADB4575E-CAAB-4F59-82CA-D7DF0840BEDC}.Release|x86.ActiveCfg = Release|Win32
		{ADB4575E-CAAB-4F59-82CA-D7DF0840BEDC}.Release|x86.Build.0 = Release|Win32
		{E1F9B026-9244-4A40-8BB9-4968F229C371}.Debug|x64.ActiveCfg = Debug|x64
		{E1F9B026-9244-4A40-8BB9-4968F229C371}.Debug|x64.Build.0 = Debug|x64
		{E1F9B026-9244-4A40-8BB9-4968F229C371}.Debug|x86.ActiveCfg = Debug|Win32
		{E1F9B026-9244-4A40-8BB9-4968F229C371}.Debug|x86.Build.0 = Debug|Win32
		{E1F9B026-9244-4A40-8BB9-4968F229C371}.Release|x64.ActiveCfg = Release|x64
		{E1F9B026-9244-4A40-8BB9-4968F229C371}.Release|x64.Build.0 = Release|x64
		{E1F9B026-9244-4A40-8BB9-4968F229C371}.Release|x86.ActiveCfg = Release|Win32
		{E1F9B026-9244-4A40-8BB9-4968F229C371}.Release|x86.Build.0 = Release|Win32
		{2B9FAAFB-3D32-477E-938B-E142099189D1}.Debug|x64.ActiveCfg = Debug|x64
		{2B9FAAFB-3D32-477E-938B-E142099189D1}.Debug|x64.Build.0 = Debug|x64
		{2B9FAAFB-3D32-477E-938B-E142099189D1}.Debug|x86.ActiveCfg = Debug|Win32
		{2B9FAAFB-3D32-477E-938B-E142099189D1}.Debug|x86.Build.0 = Debug|Win32
		{2B9FAAFB-3D32-477E-938B-E142099189D1}.Release|x64.ActiveCfg = Release|x64
		{2B9FAAFB-3D32-477E-938B-E142099189D1}.Release|x64.Build.0 = Release|x64
		{2B9FAAFB-3D32-477E-938B-E142099189D1}.Release|x86.ActiveCfg = Release|Win32
		{2B9FAAFB-3D32-477E-938B-E142099189D1}.Release|x86.Build.0 = Release|Win32
		{6674126B-ED0D-45C0-8FFA-F356E6EE1F9D}.Debug|x64.ActiveCfg = Debug|x64
		{6674126B-ED0D-45C0-8FFA-F356E6EE1F9D}.Debug|x64.Build.0 = Debug|x64
		{6674126B-ED0D-45C0-8FFA-F356E6EE1F9D}.Debug|x86.ActiveCfg = Debug|Win32
		{6674126B-ED0D-45C0-8FFA-F356E6EE1F9D}.Debug|x86.Build.0 = Debug|Win32
		{6674126B-ED0D-45C0-8FFA-F356E6EE1F9D}.Release|x64.ActiveCfg = Release|x64
		{6674126B-ED0D-45C0-8FFA-F356E6EE1F9D}.Release|x64.Build.0 = Release|x64
		{6674126B-ED0D-45C0-8FFA-F356E6EE1F9D}.Release|x86.ActiveCfg = Release|Win32
		{6674126B-ED0D-45C0-8FFA-F356E6EE1F9D}.Release|x86.Build.0 = Release|Win32
		{82751D41-C499-40BE-A411-FA15BFB603D3}.Debug|x64.ActiveCfg = Debug|x64
		{82751D41-C499-40BE-A411-FA15BFB603D3}.Debug|x64.Build.0 = Debug|x64
		{82751D41-C499-40BE-A411-FA15BFB603D3}.Debug|x86.ActiveCfg = Debug|Win32
		{82751D41-C499-40BE-A411-FA15BFB603D3}.Debug|x86.Build.0 = Debug|Win32
		{82751D41-C499-40BE-A411-FA15BFB603D3}.Release|x64.ActiveCfg = Release|x64
		{82751D41-C499-40BE-A411-FA15BFB603D3}.Release|x64.Build.0 = Release|x64
		{82751D41-C499-40BE-A411-FA15BFB603D3}.Release|x86.ActiveCfg = Release|Win32
		{82751D41-C499-40BE-A411-FA15BFB603D3}.Release|x86.Build.0 = Release|Win32
		{A12ADE59-AC42-4CB6-9C9D-053F351D469B}.Debug|x64.ActiveCfg = Debug|x64
		{A12ADE59-AC42-4CB6-9C9D-053F351D469B}.Debug|x64.Build.0 = Debug|x64
		{A12ADE59-AC42-4CB6-9C9D-053F351D469B}.Debug|x86.ActiveCfg = Debug|Win32
		{A12ADE59-AC42-4CB6-9C9D-053F351D469B}.Debug|x86.Build.0 = Debug|Win32
		{A12ADE59-AC42-4CB6-9C9D-053F351D469B}.Release|x64.ActiveCfg = Release|x64
		{A12ADE59-AC42-4CB6-9C9D-053F351D469B}.Release|x64.Build.0 = Release|x64
		{A12ADE59-AC42-4CB6-9C9D-053F351D469B}.Release|x86.ActiveCfg = Release|Win32
		{A12ADE59-AC42-4CB6-9C9D-053F351D469B}.Release|x86.Build.0 = Release|Win32
		{E496ABBF-6992-41CA-B918-87EC93177946}.Debug|x64.ActiveCfg = Debug|x64
		{E496ABBF-6992-41CA-B918-87EC93177946}.Debug|x64.Build.0 = Debug|x64
		{E496ABBF-6992-41CA-B918-87EC93177946}.Debug|x86.ActiveCfg = Debug|Win32
		{E496ABBF-6992-41CA-B918-87EC93177946}.Debug|x86.Build.0 = Debug|Win32
		{E496ABBF-6992-41CA-B918-87EC93177946}.Release|x64.ActiveCfg = Release|x64
		{E496ABBF-6992-41CA-B918-87EC93177946}.Release|x64.Build.0 = Release|x64
		{E496ABBF-6992-41CA-B918-87EC93177946}.Release|x86.ActiveCfg = Release|Win32
		{E496ABBF-6992-41CA-B918-87EC93177946}.Release|x86.Build.0 = Release|Win32
	EndGlobalSection
	GlobalSection(SolutionProperties) = preSolution
		HideSolutionNode = FALSE
	EndGlobalSection
	GlobalSection(NestedProjects) = preSolution
		{739F5BAE-AA27-406F-9A31-DB6D95A3D230} = {EC60490A-F0DF-42EA-BFB3-C75223ED9CB4}
		{10C8471E-983B-403F-BA90-12857A73CF47} = {EC60490A-F0DF-42EA-BFB3-C75223ED9CB4}
		{7071BF9A-6B69-4F76-B80C-343B941FF887} = {EC60490A-F0DF-42EA-BFB3-C75223ED9CB4}
		{F4999B09-1F08-4B1F-8BCB-3C7B4C173E3A} = {EC60490A-F0DF-42EA-BFB3-C75223ED9CB4}
		{328FC44F-3FF8-4276-BFE1-09E862F82247} = {EC60490A-F0DF-42EA-BFB3-C75223ED9CB4}
		{330635B4-2026-4064-BB73-9F673F920961} = {294E063B-EC4B-4492-9F09-CEDAF61301A9}
		{D984DD9D-376F-423B-AFEB-A0A7F2B75F0E} = {294E063B-EC4B-4492-9F09-CEDAF61301A9}
		{ADB4575E-CAAB-4F59-82CA-D7DF0840BEDC} = {579D6C9D-0497-4796-99EF-F32FCCF8CC35}
		{E1F9B026-9244-4A40-8BB9-4968F229C371} = {579D6C9D-0497-4796-99EF-F32FCCF8CC35}
		{2B9FAAFB-3D32-477E-938B-E142099189D1} = {294E063B-EC4B-4492-9F09-CEDAF61301A9}
		{6674126B-ED0D-45C0-8FFA-F356E6EE1F9D} = {6F06D526-E84B-4F44-9C0C-D19DBD13220B}
		{82751D41-C499-40BE-A411-FA15BFB603D3} = {1DC8E30F-FB46-4429-9552-BF59E6DCF0EC}
		{A12ADE59-AC42-4CB6-9C9D-053F351D469B} = {9C6FFDAB-783E-487E-A574-44AA2F8705C2}
		{E496ABBF-6992-41CA-B918-87EC93177946} = {8B393D30-C957-476A-8386-97B2D172013E}
		{8B393D30-C957-476A-8386-97B2D172013E} = {1A32EA3D-7708-4A13-A587-20C05D2F498D}
		{74F5FF8E-D1BD-421A-AF13-4927DA9C9CFD} = {49AFAC1F-F02D-46F6-9EA9-57FB436E73AB}
		{ADA47EC4-3117-4A79-BA40-69952C8428BD} = {A3C7DF56-B1A3-4D94-86CA-C475578CC278}
		{EE911D9E-8090-4EFA-B1FD-EB7584EB840A} = {950D16BB-7EF8-42F6-B884-29420E346184}
		{D97EA1EE-798D-4E83-B4B3-DCA3A90DB0F4} = {E813E654-7EBC-4B1D-A1B2-56E06D3F45D0}
		{461E03FF-18F7-405D-A1E1-D53FA845B22A} = {64DFDC0E-C5C9-49BF-9139-A2898D216D80}
		{662B0814-4376-4ADF-A38E-39C5B33FF539} = {679423DB-CF95-4C20-97F3-B09A796DFBCA}
		{DA24130A-9D0B-402C-B650-927074E78520} = {0094AA4F-DC37-4B80-85BE-BAC4C2E21B45}
		{118907A3-EDB4-4AFB-9A3B-E3326356D140} = {77BBEACD-78F4-4E0D-ADF6-1DE609A1DA7E}
		{6BDFB3F9-FA68-4786-9055-22ECCB79E6DE} = {DEC47049-4341-495E-9FF3-808D38E4AA20}
		{47882DE7-95D0-4883-89CB-EE0CFAB65A6A} = {AE50DB3F-9BA0-4C3B-A72A-20EC8DCBCDCC}
		{F45CEAF6-76C2-4BED-96F1-A98818B9494C} = {EC60490A-F0DF-42EA-BFB3-C75223ED9CB4}
		{F71890C8-1EE4-4458-9F2F-ED457A834DCA} = {2E2D64FD-B01A-455C-ABDE-90E4C3D8BEA0}
		{AEC17668-909D-4701-89F7-6CDAE3EA6093} = {1B090181-FD8D-49FE-8FA6-678715F8ACB3}
		{5D1BC05B-8939-4E75-A634-A079ACE27361} = {7628DEFB-0B25-41E6-BC00-7376C6EDAA11}
		{86F1080C-E7E7-4D33-AA7E-4B80EA5293CA} = {B1E907A0-BA85-486C-A20E-43437C8F6795}
		{C3E02C69-55CF-47B2-B18D-729D1FCD8209} = {A19F3A07-0892-4470-ADD8-962DFE8EB4A6}
		{AFB29CE9-6269-4B0B-990A-A1DD75E1E646} = {C186169E-0A67-4EC4-885E-A5E8E3581314}
		{6D5DAD51-5CCA-4FD9-B0D4-D6AB763F52AE} = {851FD1B8-2E18-4D14-995E-BBADD796E15A}
		{DFA2C6BC-D5B7-4B01-A18A-6CA7EB510E19} = {99B9BF9F-2A16-43BF-9A88-41624094C9C8}
		{5B1EE7E7-FA95-4FA6-8A60-FB6BCC2BD8AE} = {3E0A2E75-CF38-44C3-94C1-5B35C628FAAE}
		{992CA626-A420-4F0E-BD33-7596D7949F47} = {101DD7EE-1D19-4771-9A84-5E6874900D45}
		{0FB25D75-6A87-4582-8D89-98DB622450CC} = {EFDA05AA-3C77-4C11-B3C0-4683ACFB2349}
		{DC09642D-4454-4D17-8DBD-E36DA7F61E3B} = {DFC75994-37AC-4942-86F5-1C0E90274085}
		{FD805621-B88B-4E73-9FAF-1FE2B9DCB5B7} = {4D092D54-1C21-4DCA-9179-350CA8DD399C}
		{4096B268-CE62-4F38-86BE-B6181B537BBC} = {CB081CB1-0BEA-4DA6-BF9D-9D215F1131B2}
	EndGlobalSection
	GlobalSection(ExtensibilityGlobals) = postSolution
		SolutionGuid = {05F331D6-BE2E-40E7-8FFB-F7E7C448515A}
	EndGlobalSection
EndGlobal
