<?xml version="1.0" encoding="utf-8"?>
<Project ToolsVersion="4.0" xmlns="http://schemas.microsoft.com/developer/msbuild/2003">
  <ItemGroup>
    <ClCompile Include="ScoreGrade.c" />
    <ClCompile Include="SequenceDemo.c" />
    <ClCompile Include="If.c" />
    <ClCompile Include="IfDemo.c" />
    <ClCompile Include="IfNot.c" />
    <ClCompile Include="Else.c" />
    <ClCompile Include="NumDifference.c" />
    <ClCompile Include="IfNested.c" />
    <ClCompile Include="GreaterThanEqual.c" />
    <ClCompile Include="PositiveNegativeZero.c" />
    <ClCompile Include="IfPractice.c" />
  </ItemGroup>
</Project>