<?xml version="1.0" encoding="utf-8"?>
<Project ToolsVersion="4.0" xmlns="http://schemas.microsoft.com/developer/msbuild/2003">
  <ItemGroup>
    <ClCompile Include="WhileDescription.c" />
    <ClCompile Include="DoWhile.c" />
    <ClCompile Include="WhileDemo.c" />
    <ClCompile Include="WhileLoop.c" />
    <ClCompile Include="WhileDecrement.c" />
    <ClCompile Include="WhileEven.c" />
    <ClCompile Include="WhileFibonacci.c" />
    <ClCompile Include="DoWhileDemo.c" />
  </ItemGroup>
</Project>