<?xml version="1.0" encoding="utf-8"?>
<Project ToolsVersion="4.0" xmlns="http://schemas.microsoft.com/developer/msbuild/2003">
  <ItemGroup>
    <Filter Include="Source Files">
      <UniqueIdentifier>{4FC737F1-C7A5-4376-A066-2A32D752A2FF}</UniqueIdentifier>
      <Extensions>cpp;c;cc;cxx;c++;cppm;ixx;def;odl;idl;hpj;bat;asm;asmx</Extensions>
    </Filter>
    <Filter Include="Header Files">
      <UniqueIdentifier>{93995380-89BD-4b04-88EB-625FBE52EBFB}</UniqueIdentifier>
      <Extensions>h;hh;hpp;hxx;h++;hm;inl;inc;ipp;xsd</Extensions>
    </Filter>
    <Filter Include="Resource Files">
      <UniqueIdentifier>{67DA6AB6-F800-4c08-8B7A-83BB121AAD01}</UniqueIdentifier>
      <Extensions>rc;ico;cur;bmp;dlg;rc2;rct;bin;rgs;gif;jpg;jpeg;jpe;resx;tiff;tif;png;wav;mfcribbon-ms</Extensions>
    </Filter>
  </ItemGroup>
  <ItemGroup>
    <ClCompile Include="Remainder.c">
      <Filter>Source Files</Filter>
    </ClCompile>
    <ClCompile Include="OperatorDescription.c">
      <Filter>Source Files</Filter>
    </ClCompile>
    <ClCompile Include="UnaryOperator.c">
      <Filter>Source Files</Filter>
    </ClCompile>
    <ClCompile Include="CastingOperator.c">
      <Filter>Source Files</Filter>
    </ClCompile>
    <ClCompile Include="PlusOperator.c">
      <Filter>Source Files</Filter>
    </ClCompile>
    <ClCompile Include="OperatorAdd.c">
      <Filter>Source Files</Filter>
    </ClCompile>
    <ClCompile Include="OperatorSubtract.c">
      <Filter>Source Files</Filter>
    </ClCompile>
    <ClCompile Include="OperatorMultiply.c">
      <Filter>Source Files</Filter>
    </ClCompile>
    <ClCompile Include="OperatorDivide.c">
      <Filter>Source Files</Filter>
    </ClCompile>
    <ClCompile Include="PercentOperator.c">
      <Filter>Source Files</Filter>
    </ClCompile>
    <ClCompile Include="OperatorRemainder.c">
      <Filter>Source Files</Filter>
    </ClCompile>
    <ClCompile Include="OperatorArithmetic.c">
      <Filter>Source Files</Filter>
    </ClCompile>
    <ClCompile Include="AdditionOperator.c">
      <Filter>Source Files</Filter>
    </ClCompile>
    <ClCompile Include="AddressOperator.c">
      <Filter>Source Files</Filter>
    </ClCompile>
    <ClCompile Include="산술연산자.c">
      <Filter>Source Files</Filter>
    </ClCompile>
  </ItemGroup>
</Project>